
Microsoft Visual Studio Solution File, Format Version 12.00
# Visual Studio 14
VisualStudioVersion = 14.0.24720.0
MinimumVisualStudioVersion = 10.0.40219.1
Project("{FAE04EC0-301F-11D3-BF4B-00C04F79EFBC}") = "JaxQx", "JaxQx\JaxQx.csproj", "{EF9CA7EE-D3C5-4938-92C2-A4438A904DDA}"
EndProject
Project("{FAE04EC0-301F-11D3-BF4B-00C04F79EFBC}") = "Irelia", "Irelia\Irelia.csproj", "{129A0967-720E-4827-9313-2CF46F1678A4}"
EndProject
Project("{FAE04EC0-301F-11D3-BF4B-00C04F79EFBC}") = "Akali", "Akali WIP\Akali.csproj", "{3D281426-45B2-4DC1-ABDF-E63AE53C6F99}"
EndProject
Project("{FAE04EC0-301F-11D3-BF4B-00C04F79EFBC}") = "JunglePosition", "JunglePosition\JunglePosition.csproj", "{75D183B9-7E0E-4A77-AC07-127C56FF5D77}"
EndProject
Project("{FAE04EC0-301F-11D3-BF4B-00C04F79EFBC}") = "Leblanc", "Leblanc\Leblanc.csproj", "{A8FCBD33-1F7D-4A4E-B8AB-5854D1403105}"
EndProject
Project("{FAE04EC0-301F-11D3-BF4B-00C04F79EFBC}") = "MasterYi", "MasterYi\MasterYi.csproj", "{8BD5733B-54FA-43D9-8D78-B48B8A063657}"
EndProject
Project("{FAE04EC0-301F-11D3-BF4B-00C04F79EFBC}") = "Mordekaiser", "Mordekaiser\Mordekaiser.csproj", "{E08DDFDA-B67B-4F57-BA7C-5E42D1CC0BC6}"
EndProject
Project("{FAE04EC0-301F-11D3-BF4B-00C04F79EFBC}") = "Olafisback", "Olaf is Back\Olafisback.csproj", "{0FDCB79B-B885-431F-944B-CAD98BBF8F88}"
EndProject
Project("{FAE04EC0-301F-11D3-BF4B-00C04F79EFBC}") = "Pantheon", "Pantheon\Pantheon.csproj", "{ED7A4F0C-E31C-4FAA-8C18-4F18D0DC1ED4}"
EndProject
Project("{FAE04EC0-301F-11D3-BF4B-00C04F79EFBC}") = "Shen", "Shen\Shen.csproj", "{28709121-E9F7-4329-8A21-DBC1149C52E6}"
EndProject
Project("{FAE04EC0-301F-11D3-BF4B-00C04F79EFBC}") = "ShowMySupportItems", "ShowMySupportItems\ShowMySupportItems.csproj", "{51A53DE8-252A-40A1-82FA-BE27D482D856}"
EndProject
Project("{FAE04EC0-301F-11D3-BF4B-00C04F79EFBC}") = "Swain", "Swain\Swain.csproj", "{C97A4CD9-5554-43E7-BC21-7D3083873DE0}"
EndProject
Project("{FAE04EC0-301F-11D3-BF4B-00C04F79EFBC}") = "Vi", "Vi\Vi.csproj", "{1BABBB47-14F2-4237-A357-E32071296C19}"
EndProject
Project("{FAE04EC0-301F-11D3-BF4B-00C04F79EFBC}") = "Wukong", "Wukong\Wukong.csproj", "{466E1C8B-7491-42EB-8E59-51EB7DEC928C}"
EndProject
Project("{FAE04EC0-301F-11D3-BF4B-00C04F79EFBC}") = "XinZhao", "XinZhao\XinZhao.csproj", "{69D3D14E-050A-49A3-9F3D-509036B72C4E}"
EndProject
Project("{FAE04EC0-301F-11D3-BF4B-00C04F79EFBC}") = "Ze-D is Back", "Ze-D is Back\Ze-D is Back.csproj", "{B38E125E-147B-4DEA-8627-B7E246136296}"
EndProject
Project("{FAE04EC0-301F-11D3-BF4B-00C04F79EFBC}") = "D-Corki", "DSeries\D-Corki\D-Corki.csproj", "{1763A84D-62AF-4D9A-8628-64235BF9B062}"
EndProject
Project("{FAE04EC0-301F-11D3-BF4B-00C04F79EFBC}") = "D-Diana", "DSeries\D-Diana\D-Diana.csproj", "{C08F10AA-EA7A-41E6-88F0-A257BDC841AB}"
EndProject
Project("{FAE04EC0-301F-11D3-BF4B-00C04F79EFBC}") = "D-Elise", "DSeries\D-Elise\D-Elise.csproj", "{466BE24B-1909-4DE2-A870-0BF67BCDE371}"
EndProject
Project("{FAE04EC0-301F-11D3-BF4B-00C04F79EFBC}") = "D-Ezreal", "DSeries\D-Ezreal\D-Ezreal.csproj", "{3ABADE2F-F541-422E-A760-C9E4E58D39E7}"
EndProject
Project("{FAE04EC0-301F-11D3-BF4B-00C04F79EFBC}") = "D-graves", "DSeries\D-graves\D-graves.csproj", "{7CD314A0-2138-4194-BACC-F58FD136679C}"
EndProject
Project("{FAE04EC0-301F-11D3-BF4B-00C04F79EFBC}") = "D-Jarvan", "DSeries\D-Jarvan\D-Jarvan.csproj", "{898C3076-831C-46E7-B004-BCA92FE2699C}"
EndProject
Project("{FAE04EC0-301F-11D3-BF4B-00C04F79EFBC}") = "D-Kayle", "DSeries\D-Kayle\D-Kayle.csproj", "{2CA7FD10-B6F7-45D3-88DF-1C26A05F668D}"
EndProject
Project("{FAE04EC0-301F-11D3-BF4B-00C04F79EFBC}") = "D-Kogmaw", "DSeries\D-Kogmaw\D-Kogmaw.csproj", "{9A54B1D3-9116-4D12-AA01-D8535BAD78F5}"
EndProject
Project("{FAE04EC0-301F-11D3-BF4B-00C04F79EFBC}") = "D-MissF", "DSeries\D-MissF\D-MissF.csproj", "{3A743EBC-CF7A-4E14-B259-8C5A842B63F2}"
EndProject
Project("{FAE04EC0-301F-11D3-BF4B-00C04F79EFBC}") = "D-Shyvana", "DSeries\D-Shyvana\D-Shyvana.csproj", "{C367B0F4-1037-4AEB-8351-5A2629CB5380}"
EndProject
Project("{FAE04EC0-301F-11D3-BF4B-00C04F79EFBC}") = "D-Tristana", "DSeries\D-Tristana\D-Tristana.csproj", "{31DBBBB0-B79C-4A9B-82EB-EE43F712AF9F}"
EndProject
Project("{FAE04EC0-301F-11D3-BF4B-00C04F79EFBC}") = "D-Udyr", "DSeries\D-Udyr\D-Udyr.csproj", "{35AC8C00-276F-4582-A328-650EC07B98C2}"
EndProject
Project("{FAE04EC0-301F-11D3-BF4B-00C04F79EFBC}") = "D-Warwick", "DSeries\D-Warwick\D-Warwick.csproj", "{0A166C52-07AF-40C1-B42A-ABBEECABA041}"
EndProject
Project("{FAE04EC0-301F-11D3-BF4B-00C04F79EFBC}") = "D-Zyra", "DSeries\D-Zyra\D-Zyra.csproj", "{5CD766F7-4981-44B1-8D5E-36DBE31FCE6C}"
EndProject
Project("{FAE04EC0-301F-11D3-BF4B-00C04F79EFBC}") = "Nidalino", "DSeries\Nidalino\Nidalino.csproj", "{FB6BA55A-0B41-4F48-94D2-0B7189A6C24E}"
EndProject
Project("{FAE04EC0-301F-11D3-BF4B-00C04F79EFBC}") = "Orianna", "DSeries\Trelli-Orianna\Orianna.csproj", "{B51E9365-B0D7-4315-81F1-DCB49AC1731B}"
EndProject
Project("{FAE04EC0-301F-11D3-BF4B-00C04F79EFBC}") = "Marksman", "..\Marksman\Marksman\Marksman.csproj", "{4E9F7272-33F7-465C-8BD9-87F801222C9E}"
EndProject
Project("{FAE04EC0-301F-11D3-BF4B-00C04F79EFBC}") = "Evade", "..\LeagueSharp\Evade\Evade.csproj", "{DB77A04C-5163-445D-929C-2905C1A5E9E3}"
EndProject
Project("{FAE04EC0-301F-11D3-BF4B-00C04F79EFBC}") = "PerplexedNidalee", "G:\LeagueSharp\SVN\Repositories\PerplexedNidalee\PerplexedNidalee\PerplexedNidalee.csproj", "{C2FD5B72-A882-4766-A5F9-9F5FF9BB3257}"
EndProject
Project("{FAE04EC0-301F-11D3-BF4B-00C04F79EFBC}") = "Oracle (Activator)", "..\Kurisu\Oracle (Activator)\Oracle (Activator).csproj", "{26F7260F-B714-4B99-995F-EA27775F14DB}"
EndProject
Project("{FAE04EC0-301F-11D3-BF4B-00C04F79EFBC}") = "KaiHelper", "G:\LeagueSharp\SVN\Repositories\KaiHelper\KaiHelper.csproj", "{9F3BF4B3-6AA4-41B5-820E-4626FE088126}"
EndProject
Project("{FAE04EC0-301F-11D3-BF4B-00C04F79EFBC}") = "Nocturne", "Nocturne\Nocturne.csproj", "{31B301BD-5D6C-480E-B631-D587C7EDE566}"
EndProject
Global
	GlobalSection(SolutionConfigurationPlatforms) = preSolution
		Debug|Any CPU = Debug|Any CPU
		Debug|Mixed Platforms = Debug|Mixed Platforms
		Debug|x86 = Debug|x86
		Release|Any CPU = Release|Any CPU
		Release|Mixed Platforms = Release|Mixed Platforms
		Release|x86 = Release|x86
	EndGlobalSection
	GlobalSection(ProjectConfigurationPlatforms) = postSolution
		{EF9CA7EE-D3C5-4938-92C2-A4438A904DDA}.Debug|Any CPU.ActiveCfg = Debug|Any CPU
		{EF9CA7EE-D3C5-4938-92C2-A4438A904DDA}.Debug|Any CPU.Build.0 = Debug|Any CPU
		{EF9CA7EE-D3C5-4938-92C2-A4438A904DDA}.Debug|Mixed Platforms.ActiveCfg = Debug|x86
		{EF9CA7EE-D3C5-4938-92C2-A4438A904DDA}.Debug|Mixed Platforms.Build.0 = Debug|x86
		{EF9CA7EE-D3C5-4938-92C2-A4438A904DDA}.Debug|x86.ActiveCfg = Debug|x86
		{EF9CA7EE-D3C5-4938-92C2-A4438A904DDA}.Debug|x86.Build.0 = Debug|x86
		{EF9CA7EE-D3C5-4938-92C2-A4438A904DDA}.Release|Any CPU.ActiveCfg = Release|Any CPU
		{EF9CA7EE-D3C5-4938-92C2-A4438A904DDA}.Release|Any CPU.Build.0 = Release|Any CPU
		{EF9CA7EE-D3C5-4938-92C2-A4438A904DDA}.Release|Mixed Platforms.ActiveCfg = Release|x86
		{EF9CA7EE-D3C5-4938-92C2-A4438A904DDA}.Release|Mixed Platforms.Build.0 = Release|x86
		{EF9CA7EE-D3C5-4938-92C2-A4438A904DDA}.Release|x86.ActiveCfg = Release|x86
		{EF9CA7EE-D3C5-4938-92C2-A4438A904DDA}.Release|x86.Build.0 = Release|x86
		{129A0967-720E-4827-9313-2CF46F1678A4}.Debug|Any CPU.ActiveCfg = Debug|Any CPU
		{129A0967-720E-4827-9313-2CF46F1678A4}.Debug|Any CPU.Build.0 = Debug|Any CPU
		{129A0967-720E-4827-9313-2CF46F1678A4}.Debug|Mixed Platforms.ActiveCfg = Debug|x86
		{129A0967-720E-4827-9313-2CF46F1678A4}.Debug|Mixed Platforms.Build.0 = Debug|x86
		{129A0967-720E-4827-9313-2CF46F1678A4}.Debug|x86.ActiveCfg = Debug|x86
		{129A0967-720E-4827-9313-2CF46F1678A4}.Debug|x86.Build.0 = Debug|x86
		{129A0967-720E-4827-9313-2CF46F1678A4}.Release|Any CPU.ActiveCfg = Release|Any CPU
		{129A0967-720E-4827-9313-2CF46F1678A4}.Release|Any CPU.Build.0 = Release|Any CPU
		{129A0967-720E-4827-9313-2CF46F1678A4}.Release|Mixed Platforms.ActiveCfg = Release|x86
		{129A0967-720E-4827-9313-2CF46F1678A4}.Release|Mixed Platforms.Build.0 = Release|x86
		{129A0967-720E-4827-9313-2CF46F1678A4}.Release|x86.ActiveCfg = Release|x86
		{129A0967-720E-4827-9313-2CF46F1678A4}.Release|x86.Build.0 = Release|x86
		{3D281426-45B2-4DC1-ABDF-E63AE53C6F99}.Debug|Any CPU.ActiveCfg = Debug|Any CPU
		{3D281426-45B2-4DC1-ABDF-E63AE53C6F99}.Debug|Any CPU.Build.0 = Debug|Any CPU
		{3D281426-45B2-4DC1-ABDF-E63AE53C6F99}.Debug|Mixed Platforms.ActiveCfg = Debug|Any CPU
		{3D281426-45B2-4DC1-ABDF-E63AE53C6F99}.Debug|Mixed Platforms.Build.0 = Debug|Any CPU
		{3D281426-45B2-4DC1-ABDF-E63AE53C6F99}.Debug|x86.ActiveCfg = Debug|Any CPU
		{3D281426-45B2-4DC1-ABDF-E63AE53C6F99}.Release|Any CPU.ActiveCfg = Release|Any CPU
		{3D281426-45B2-4DC1-ABDF-E63AE53C6F99}.Release|Any CPU.Build.0 = Release|Any CPU
		{3D281426-45B2-4DC1-ABDF-E63AE53C6F99}.Release|Mixed Platforms.ActiveCfg = Release|Any CPU
		{3D281426-45B2-4DC1-ABDF-E63AE53C6F99}.Release|Mixed Platforms.Build.0 = Release|Any CPU
		{3D281426-45B2-4DC1-ABDF-E63AE53C6F99}.Release|x86.ActiveCfg = Release|Any CPU
		{75D183B9-7E0E-4A77-AC07-127C56FF5D77}.Debug|Any CPU.ActiveCfg = Debug|Any CPU
		{75D183B9-7E0E-4A77-AC07-127C56FF5D77}.Debug|Any CPU.Build.0 = Debug|Any CPU
		{75D183B9-7E0E-4A77-AC07-127C56FF5D77}.Debug|Mixed Platforms.ActiveCfg = Debug|Any CPU
		{75D183B9-7E0E-4A77-AC07-127C56FF5D77}.Debug|Mixed Platforms.Build.0 = Debug|Any CPU
		{75D183B9-7E0E-4A77-AC07-127C56FF5D77}.Debug|x86.ActiveCfg = Debug|Any CPU
		{75D183B9-7E0E-4A77-AC07-127C56FF5D77}.Release|Any CPU.ActiveCfg = Release|Any CPU
		{75D183B9-7E0E-4A77-AC07-127C56FF5D77}.Release|Any CPU.Build.0 = Release|Any CPU
		{75D183B9-7E0E-4A77-AC07-127C56FF5D77}.Release|Mixed Platforms.ActiveCfg = Release|Any CPU
		{75D183B9-7E0E-4A77-AC07-127C56FF5D77}.Release|Mixed Platforms.Build.0 = Release|Any CPU
		{75D183B9-7E0E-4A77-AC07-127C56FF5D77}.Release|x86.ActiveCfg = Release|Any CPU
		{A8FCBD33-1F7D-4A4E-B8AB-5854D1403105}.Debug|Any CPU.ActiveCfg = Debug|Any CPU
		{A8FCBD33-1F7D-4A4E-B8AB-5854D1403105}.Debug|Any CPU.Build.0 = Debug|Any CPU
		{A8FCBD33-1F7D-4A4E-B8AB-5854D1403105}.Debug|Mixed Platforms.ActiveCfg = Debug|Any CPU
		{A8FCBD33-1F7D-4A4E-B8AB-5854D1403105}.Debug|Mixed Platforms.Build.0 = Debug|Any CPU
		{A8FCBD33-1F7D-4A4E-B8AB-5854D1403105}.Debug|x86.ActiveCfg = Debug|Any CPU
		{A8FCBD33-1F7D-4A4E-B8AB-5854D1403105}.Release|Any CPU.ActiveCfg = Release|Any CPU
		{A8FCBD33-1F7D-4A4E-B8AB-5854D1403105}.Release|Any CPU.Build.0 = Release|Any CPU
		{A8FCBD33-1F7D-4A4E-B8AB-5854D1403105}.Release|Mixed Platforms.ActiveCfg = Release|Any CPU
		{A8FCBD33-1F7D-4A4E-B8AB-5854D1403105}.Release|Mixed Platforms.Build.0 = Release|Any CPU
		{A8FCBD33-1F7D-4A4E-B8AB-5854D1403105}.Release|x86.ActiveCfg = Release|Any CPU
		{8BD5733B-54FA-43D9-8D78-B48B8A063657}.Debug|Any CPU.ActiveCfg = Debug|Any CPU
		{8BD5733B-54FA-43D9-8D78-B48B8A063657}.Debug|Any CPU.Build.0 = Debug|Any CPU
		{8BD5733B-54FA-43D9-8D78-B48B8A063657}.Debug|Mixed Platforms.ActiveCfg = Debug|x86
		{8BD5733B-54FA-43D9-8D78-B48B8A063657}.Debug|Mixed Platforms.Build.0 = Debug|x86
		{8BD5733B-54FA-43D9-8D78-B48B8A063657}.Debug|x86.ActiveCfg = Debug|x86
		{8BD5733B-54FA-43D9-8D78-B48B8A063657}.Debug|x86.Build.0 = Debug|x86
		{8BD5733B-54FA-43D9-8D78-B48B8A063657}.Release|Any CPU.ActiveCfg = Release|Any CPU
		{8BD5733B-54FA-43D9-8D78-B48B8A063657}.Release|Any CPU.Build.0 = Release|Any CPU
		{8BD5733B-54FA-43D9-8D78-B48B8A063657}.Release|Mixed Platforms.ActiveCfg = Release|x86
		{8BD5733B-54FA-43D9-8D78-B48B8A063657}.Release|Mixed Platforms.Build.0 = Release|x86
		{8BD5733B-54FA-43D9-8D78-B48B8A063657}.Release|x86.ActiveCfg = Release|x86
		{8BD5733B-54FA-43D9-8D78-B48B8A063657}.Release|x86.Build.0 = Release|x86
		{E08DDFDA-B67B-4F57-BA7C-5E42D1CC0BC6}.Debug|Any CPU.ActiveCfg = Debug|Any CPU
		{E08DDFDA-B67B-4F57-BA7C-5E42D1CC0BC6}.Debug|Any CPU.Build.0 = Debug|Any CPU
		{E08DDFDA-B67B-4F57-BA7C-5E42D1CC0BC6}.Debug|Mixed Platforms.ActiveCfg = Debug|Any CPU
		{E08DDFDA-B67B-4F57-BA7C-5E42D1CC0BC6}.Debug|Mixed Platforms.Build.0 = Debug|Any CPU
		{E08DDFDA-B67B-4F57-BA7C-5E42D1CC0BC6}.Debug|x86.ActiveCfg = Debug|Any CPU
		{E08DDFDA-B67B-4F57-BA7C-5E42D1CC0BC6}.Release|Any CPU.ActiveCfg = Release|Any CPU
		{E08DDFDA-B67B-4F57-BA7C-5E42D1CC0BC6}.Release|Any CPU.Build.0 = Release|Any CPU
		{E08DDFDA-B67B-4F57-BA7C-5E42D1CC0BC6}.Release|Mixed Platforms.ActiveCfg = Release|Any CPU
		{E08DDFDA-B67B-4F57-BA7C-5E42D1CC0BC6}.Release|Mixed Platforms.Build.0 = Release|Any CPU
		{E08DDFDA-B67B-4F57-BA7C-5E42D1CC0BC6}.Release|x86.ActiveCfg = Release|Any CPU
		{0FDCB79B-B885-431F-944B-CAD98BBF8F88}.Debug|Any CPU.ActiveCfg = Debug|Any CPU
		{0FDCB79B-B885-431F-944B-CAD98BBF8F88}.Debug|Any CPU.Build.0 = Debug|Any CPU
		{0FDCB79B-B885-431F-944B-CAD98BBF8F88}.Debug|Mixed Platforms.ActiveCfg = Debug|Any CPU
		{0FDCB79B-B885-431F-944B-CAD98BBF8F88}.Debug|Mixed Platforms.Build.0 = Debug|Any CPU
		{0FDCB79B-B885-431F-944B-CAD98BBF8F88}.Debug|x86.ActiveCfg = Debug|Any CPU
		{0FDCB79B-B885-431F-944B-CAD98BBF8F88}.Release|Any CPU.ActiveCfg = Release|Any CPU
		{0FDCB79B-B885-431F-944B-CAD98BBF8F88}.Release|Any CPU.Build.0 = Release|Any CPU
		{0FDCB79B-B885-431F-944B-CAD98BBF8F88}.Release|Mixed Platforms.ActiveCfg = Release|Any CPU
		{0FDCB79B-B885-431F-944B-CAD98BBF8F88}.Release|Mixed Platforms.Build.0 = Release|Any CPU
		{0FDCB79B-B885-431F-944B-CAD98BBF8F88}.Release|x86.ActiveCfg = Release|Any CPU
		{ED7A4F0C-E31C-4FAA-8C18-4F18D0DC1ED4}.Debug|Any CPU.ActiveCfg = Debug|Any CPU
		{ED7A4F0C-E31C-4FAA-8C18-4F18D0DC1ED4}.Debug|Any CPU.Build.0 = Debug|Any CPU
		{ED7A4F0C-E31C-4FAA-8C18-4F18D0DC1ED4}.Debug|Mixed Platforms.ActiveCfg = Debug|x86
		{ED7A4F0C-E31C-4FAA-8C18-4F18D0DC1ED4}.Debug|Mixed Platforms.Build.0 = Debug|x86
		{ED7A4F0C-E31C-4FAA-8C18-4F18D0DC1ED4}.Debug|x86.ActiveCfg = Debug|x86
		{ED7A4F0C-E31C-4FAA-8C18-4F18D0DC1ED4}.Debug|x86.Build.0 = Debug|x86
		{ED7A4F0C-E31C-4FAA-8C18-4F18D0DC1ED4}.Release|Any CPU.ActiveCfg = Release|Any CPU
		{ED7A4F0C-E31C-4FAA-8C18-4F18D0DC1ED4}.Release|Any CPU.Build.0 = Release|Any CPU
		{ED7A4F0C-E31C-4FAA-8C18-4F18D0DC1ED4}.Release|Mixed Platforms.ActiveCfg = Release|x86
		{ED7A4F0C-E31C-4FAA-8C18-4F18D0DC1ED4}.Release|Mixed Platforms.Build.0 = Release|x86
		{ED7A4F0C-E31C-4FAA-8C18-4F18D0DC1ED4}.Release|x86.ActiveCfg = Release|x86
		{ED7A4F0C-E31C-4FAA-8C18-4F18D0DC1ED4}.Release|x86.Build.0 = Release|x86
		{28709121-E9F7-4329-8A21-DBC1149C52E6}.Debug|Any CPU.ActiveCfg = Debug|Any CPU
		{28709121-E9F7-4329-8A21-DBC1149C52E6}.Debug|Any CPU.Build.0 = Debug|Any CPU
		{28709121-E9F7-4329-8A21-DBC1149C52E6}.Debug|Mixed Platforms.ActiveCfg = Debug|x86
		{28709121-E9F7-4329-8A21-DBC1149C52E6}.Debug|Mixed Platforms.Build.0 = Debug|x86
		{28709121-E9F7-4329-8A21-DBC1149C52E6}.Debug|x86.ActiveCfg = Debug|x86
		{28709121-E9F7-4329-8A21-DBC1149C52E6}.Debug|x86.Build.0 = Debug|x86
		{28709121-E9F7-4329-8A21-DBC1149C52E6}.Release|Any CPU.ActiveCfg = Release|Any CPU
		{28709121-E9F7-4329-8A21-DBC1149C52E6}.Release|Any CPU.Build.0 = Release|Any CPU
		{28709121-E9F7-4329-8A21-DBC1149C52E6}.Release|Mixed Platforms.ActiveCfg = Release|x86
		{28709121-E9F7-4329-8A21-DBC1149C52E6}.Release|Mixed Platforms.Build.0 = Release|x86
		{28709121-E9F7-4329-8A21-DBC1149C52E6}.Release|x86.ActiveCfg = Release|x86
		{28709121-E9F7-4329-8A21-DBC1149C52E6}.Release|x86.Build.0 = Release|x86
		{51A53DE8-252A-40A1-82FA-BE27D482D856}.Debug|Any CPU.ActiveCfg = Debug|Any CPU
		{51A53DE8-252A-40A1-82FA-BE27D482D856}.Debug|Any CPU.Build.0 = Debug|Any CPU
		{51A53DE8-252A-40A1-82FA-BE27D482D856}.Debug|Mixed Platforms.ActiveCfg = Debug|Any CPU
		{51A53DE8-252A-40A1-82FA-BE27D482D856}.Debug|Mixed Platforms.Build.0 = Debug|Any CPU
		{51A53DE8-252A-40A1-82FA-BE27D482D856}.Debug|x86.ActiveCfg = Debug|Any CPU
		{51A53DE8-252A-40A1-82FA-BE27D482D856}.Release|Any CPU.ActiveCfg = Release|Any CPU
		{51A53DE8-252A-40A1-82FA-BE27D482D856}.Release|Any CPU.Build.0 = Release|Any CPU
		{51A53DE8-252A-40A1-82FA-BE27D482D856}.Release|Mixed Platforms.ActiveCfg = Release|Any CPU
		{51A53DE8-252A-40A1-82FA-BE27D482D856}.Release|Mixed Platforms.Build.0 = Release|Any CPU
		{51A53DE8-252A-40A1-82FA-BE27D482D856}.Release|x86.ActiveCfg = Release|Any CPU
		{C97A4CD9-5554-43E7-BC21-7D3083873DE0}.Debug|Any CPU.ActiveCfg = Debug|Any CPU
		{C97A4CD9-5554-43E7-BC21-7D3083873DE0}.Debug|Any CPU.Build.0 = Debug|Any CPU
		{C97A4CD9-5554-43E7-BC21-7D3083873DE0}.Debug|Mixed Platforms.ActiveCfg = Debug|Any CPU
		{C97A4CD9-5554-43E7-BC21-7D3083873DE0}.Debug|Mixed Platforms.Build.0 = Debug|Any CPU
		{C97A4CD9-5554-43E7-BC21-7D3083873DE0}.Debug|x86.ActiveCfg = Debug|Any CPU
		{C97A4CD9-5554-43E7-BC21-7D3083873DE0}.Release|Any CPU.ActiveCfg = Release|Any CPU
		{C97A4CD9-5554-43E7-BC21-7D3083873DE0}.Release|Any CPU.Build.0 = Release|Any CPU
		{C97A4CD9-5554-43E7-BC21-7D3083873DE0}.Release|Mixed Platforms.ActiveCfg = Release|Any CPU
		{C97A4CD9-5554-43E7-BC21-7D3083873DE0}.Release|Mixed Platforms.Build.0 = Release|Any CPU
		{C97A4CD9-5554-43E7-BC21-7D3083873DE0}.Release|x86.ActiveCfg = Release|Any CPU
		{1BABBB47-14F2-4237-A357-E32071296C19}.Debug|Any CPU.ActiveCfg = Debug|Any CPU
		{1BABBB47-14F2-4237-A357-E32071296C19}.Debug|Any CPU.Build.0 = Debug|Any CPU
		{1BABBB47-14F2-4237-A357-E32071296C19}.Debug|Mixed Platforms.ActiveCfg = Debug|x86
		{1BABBB47-14F2-4237-A357-E32071296C19}.Debug|Mixed Platforms.Build.0 = Debug|x86
		{1BABBB47-14F2-4237-A357-E32071296C19}.Debug|x86.ActiveCfg = Debug|x86
		{1BABBB47-14F2-4237-A357-E32071296C19}.Debug|x86.Build.0 = Debug|x86
		{1BABBB47-14F2-4237-A357-E32071296C19}.Release|Any CPU.ActiveCfg = Release|Any CPU
		{1BABBB47-14F2-4237-A357-E32071296C19}.Release|Any CPU.Build.0 = Release|Any CPU
		{1BABBB47-14F2-4237-A357-E32071296C19}.Release|Mixed Platforms.ActiveCfg = Release|x86
		{1BABBB47-14F2-4237-A357-E32071296C19}.Release|Mixed Platforms.Build.0 = Release|x86
		{1BABBB47-14F2-4237-A357-E32071296C19}.Release|x86.ActiveCfg = Release|x86
		{1BABBB47-14F2-4237-A357-E32071296C19}.Release|x86.Build.0 = Release|x86
		{466E1C8B-7491-42EB-8E59-51EB7DEC928C}.Debug|Any CPU.ActiveCfg = Debug|Any CPU
		{466E1C8B-7491-42EB-8E59-51EB7DEC928C}.Debug|Any CPU.Build.0 = Debug|Any CPU
		{466E1C8B-7491-42EB-8E59-51EB7DEC928C}.Debug|Mixed Platforms.ActiveCfg = Debug|x86
		{466E1C8B-7491-42EB-8E59-51EB7DEC928C}.Debug|Mixed Platforms.Build.0 = Debug|x86
		{466E1C8B-7491-42EB-8E59-51EB7DEC928C}.Debug|x86.ActiveCfg = Debug|x86
		{466E1C8B-7491-42EB-8E59-51EB7DEC928C}.Debug|x86.Build.0 = Debug|x86
		{466E1C8B-7491-42EB-8E59-51EB7DEC928C}.Release|Any CPU.ActiveCfg = Release|Any CPU
		{466E1C8B-7491-42EB-8E59-51EB7DEC928C}.Release|Any CPU.Build.0 = Release|Any CPU
		{466E1C8B-7491-42EB-8E59-51EB7DEC928C}.Release|Mixed Platforms.ActiveCfg = Release|x86
		{466E1C8B-7491-42EB-8E59-51EB7DEC928C}.Release|Mixed Platforms.Build.0 = Release|x86
		{466E1C8B-7491-42EB-8E59-51EB7DEC928C}.Release|x86.ActiveCfg = Release|x86
		{466E1C8B-7491-42EB-8E59-51EB7DEC928C}.Release|x86.Build.0 = Release|x86
		{69D3D14E-050A-49A3-9F3D-509036B72C4E}.Debug|Any CPU.ActiveCfg = Debug|Any CPU
		{69D3D14E-050A-49A3-9F3D-509036B72C4E}.Debug|Any CPU.Build.0 = Debug|Any CPU
		{69D3D14E-050A-49A3-9F3D-509036B72C4E}.Debug|Mixed Platforms.ActiveCfg = Debug|Any CPU
		{69D3D14E-050A-49A3-9F3D-509036B72C4E}.Debug|Mixed Platforms.Build.0 = Debug|Any CPU
		{69D3D14E-050A-49A3-9F3D-509036B72C4E}.Debug|x86.ActiveCfg = Debug|Any CPU
		{69D3D14E-050A-49A3-9F3D-509036B72C4E}.Release|Any CPU.ActiveCfg = Release|Any CPU
		{69D3D14E-050A-49A3-9F3D-509036B72C4E}.Release|Any CPU.Build.0 = Release|Any CPU
		{69D3D14E-050A-49A3-9F3D-509036B72C4E}.Release|Mixed Platforms.ActiveCfg = Release|Any CPU
		{69D3D14E-050A-49A3-9F3D-509036B72C4E}.Release|Mixed Platforms.Build.0 = Release|Any CPU
		{69D3D14E-050A-49A3-9F3D-509036B72C4E}.Release|x86.ActiveCfg = Release|Any CPU
		{B38E125E-147B-4DEA-8627-B7E246136296}.Debug|Any CPU.ActiveCfg = Debug|Any CPU
		{B38E125E-147B-4DEA-8627-B7E246136296}.Debug|Any CPU.Build.0 = Debug|Any CPU
		{B38E125E-147B-4DEA-8627-B7E246136296}.Debug|Mixed Platforms.ActiveCfg = Debug|Any CPU
		{B38E125E-147B-4DEA-8627-B7E246136296}.Debug|Mixed Platforms.Build.0 = Debug|Any CPU
		{B38E125E-147B-4DEA-8627-B7E246136296}.Debug|x86.ActiveCfg = Debug|Any CPU
		{B38E125E-147B-4DEA-8627-B7E246136296}.Release|Any CPU.ActiveCfg = Release|Any CPU
		{B38E125E-147B-4DEA-8627-B7E246136296}.Release|Any CPU.Build.0 = Release|Any CPU
		{B38E125E-147B-4DEA-8627-B7E246136296}.Release|Mixed Platforms.ActiveCfg = Release|Any CPU
		{B38E125E-147B-4DEA-8627-B7E246136296}.Release|Mixed Platforms.Build.0 = Release|Any CPU
		{B38E125E-147B-4DEA-8627-B7E246136296}.Release|x86.ActiveCfg = Release|Any CPU
		{1763A84D-62AF-4D9A-8628-64235BF9B062}.Debug|Any CPU.ActiveCfg = Debug|Any CPU
		{1763A84D-62AF-4D9A-8628-64235BF9B062}.Debug|Any CPU.Build.0 = Debug|Any CPU
		{1763A84D-62AF-4D9A-8628-64235BF9B062}.Debug|Mixed Platforms.ActiveCfg = Debug|Any CPU
		{1763A84D-62AF-4D9A-8628-64235BF9B062}.Debug|Mixed Platforms.Build.0 = Debug|Any CPU
		{1763A84D-62AF-4D9A-8628-64235BF9B062}.Debug|x86.ActiveCfg = Debug|Any CPU
		{1763A84D-62AF-4D9A-8628-64235BF9B062}.Release|Any CPU.ActiveCfg = Release|Any CPU
		{1763A84D-62AF-4D9A-8628-64235BF9B062}.Release|Any CPU.Build.0 = Release|Any CPU
		{1763A84D-62AF-4D9A-8628-64235BF9B062}.Release|Mixed Platforms.ActiveCfg = Release|Any CPU
		{1763A84D-62AF-4D9A-8628-64235BF9B062}.Release|Mixed Platforms.Build.0 = Release|Any CPU
		{1763A84D-62AF-4D9A-8628-64235BF9B062}.Release|x86.ActiveCfg = Release|Any CPU
		{C08F10AA-EA7A-41E6-88F0-A257BDC841AB}.Debug|Any CPU.ActiveCfg = Debug|Any CPU
		{C08F10AA-EA7A-41E6-88F0-A257BDC841AB}.Debug|Any CPU.Build.0 = Debug|Any CPU
		{C08F10AA-EA7A-41E6-88F0-A257BDC841AB}.Debug|Mixed Platforms.ActiveCfg = Debug|Any CPU
		{C08F10AA-EA7A-41E6-88F0-A257BDC841AB}.Debug|Mixed Platforms.Build.0 = Debug|Any CPU
		{C08F10AA-EA7A-41E6-88F0-A257BDC841AB}.Debug|x86.ActiveCfg = Debug|Any CPU
		{C08F10AA-EA7A-41E6-88F0-A257BDC841AB}.Release|Any CPU.ActiveCfg = Release|Any CPU
		{C08F10AA-EA7A-41E6-88F0-A257BDC841AB}.Release|Any CPU.Build.0 = Release|Any CPU
		{C08F10AA-EA7A-41E6-88F0-A257BDC841AB}.Release|Mixed Platforms.ActiveCfg = Release|Any CPU
		{C08F10AA-EA7A-41E6-88F0-A257BDC841AB}.Release|Mixed Platforms.Build.0 = Release|Any CPU
		{C08F10AA-EA7A-41E6-88F0-A257BDC841AB}.Release|x86.ActiveCfg = Release|Any CPU
		{466BE24B-1909-4DE2-A870-0BF67BCDE371}.Debug|Any CPU.ActiveCfg = Debug|Any CPU
		{466BE24B-1909-4DE2-A870-0BF67BCDE371}.Debug|Any CPU.Build.0 = Debug|Any CPU
		{466BE24B-1909-4DE2-A870-0BF67BCDE371}.Debug|Mixed Platforms.ActiveCfg = Debug|Any CPU
		{466BE24B-1909-4DE2-A870-0BF67BCDE371}.Debug|Mixed Platforms.Build.0 = Debug|Any CPU
		{466BE24B-1909-4DE2-A870-0BF67BCDE371}.Debug|x86.ActiveCfg = Debug|Any CPU
		{466BE24B-1909-4DE2-A870-0BF67BCDE371}.Release|Any CPU.ActiveCfg = Release|Any CPU
		{466BE24B-1909-4DE2-A870-0BF67BCDE371}.Release|Any CPU.Build.0 = Release|Any CPU
		{466BE24B-1909-4DE2-A870-0BF67BCDE371}.Release|Mixed Platforms.ActiveCfg = Release|Any CPU
		{466BE24B-1909-4DE2-A870-0BF67BCDE371}.Release|Mixed Platforms.Build.0 = Release|Any CPU
		{466BE24B-1909-4DE2-A870-0BF67BCDE371}.Release|x86.ActiveCfg = Release|Any CPU
		{3ABADE2F-F541-422E-A760-C9E4E58D39E7}.Debug|Any CPU.ActiveCfg = Debug|Any CPU
		{3ABADE2F-F541-422E-A760-C9E4E58D39E7}.Debug|Any CPU.Build.0 = Debug|Any CPU
		{3ABADE2F-F541-422E-A760-C9E4E58D39E7}.Debug|Mixed Platforms.ActiveCfg = Debug|Any CPU
		{3ABADE2F-F541-422E-A760-C9E4E58D39E7}.Debug|Mixed Platforms.Build.0 = Debug|Any CPU
		{3ABADE2F-F541-422E-A760-C9E4E58D39E7}.Debug|x86.ActiveCfg = Debug|Any CPU
		{3ABADE2F-F541-422E-A760-C9E4E58D39E7}.Release|Any CPU.ActiveCfg = Release|Any CPU
		{3ABADE2F-F541-422E-A760-C9E4E58D39E7}.Release|Any CPU.Build.0 = Release|Any CPU
		{3ABADE2F-F541-422E-A760-C9E4E58D39E7}.Release|Mixed Platforms.ActiveCfg = Release|Any CPU
		{3ABADE2F-F541-422E-A760-C9E4E58D39E7}.Release|Mixed Platforms.Build.0 = Release|Any CPU
		{3ABADE2F-F541-422E-A760-C9E4E58D39E7}.Release|x86.ActiveCfg = Release|Any CPU
		{7CD314A0-2138-4194-BACC-F58FD136679C}.Debug|Any CPU.ActiveCfg = Debug|Any CPU
		{7CD314A0-2138-4194-BACC-F58FD136679C}.Debug|Any CPU.Build.0 = Debug|Any CPU
		{7CD314A0-2138-4194-BACC-F58FD136679C}.Debug|Mixed Platforms.ActiveCfg = Debug|Any CPU
		{7CD314A0-2138-4194-BACC-F58FD136679C}.Debug|Mixed Platforms.Build.0 = Debug|Any CPU
		{7CD314A0-2138-4194-BACC-F58FD136679C}.Debug|x86.ActiveCfg = Debug|Any CPU
		{7CD314A0-2138-4194-BACC-F58FD136679C}.Release|Any CPU.ActiveCfg = Release|Any CPU
		{7CD314A0-2138-4194-BACC-F58FD136679C}.Release|Any CPU.Build.0 = Release|Any CPU
		{7CD314A0-2138-4194-BACC-F58FD136679C}.Release|Mixed Platforms.ActiveCfg = Release|Any CPU
		{7CD314A0-2138-4194-BACC-F58FD136679C}.Release|Mixed Platforms.Build.0 = Release|Any CPU
		{7CD314A0-2138-4194-BACC-F58FD136679C}.Release|x86.ActiveCfg = Release|Any CPU
		{898C3076-831C-46E7-B004-BCA92FE2699C}.Debug|Any CPU.ActiveCfg = Debug|Any CPU
		{898C3076-831C-46E7-B004-BCA92FE2699C}.Debug|Any CPU.Build.0 = Debug|Any CPU
		{898C3076-831C-46E7-B004-BCA92FE2699C}.Debug|Mixed Platforms.ActiveCfg = Debug|Any CPU
		{898C3076-831C-46E7-B004-BCA92FE2699C}.Debug|Mixed Platforms.Build.0 = Debug|Any CPU
		{898C3076-831C-46E7-B004-BCA92FE2699C}.Debug|x86.ActiveCfg = Debug|Any CPU
		{898C3076-831C-46E7-B004-BCA92FE2699C}.Release|Any CPU.ActiveCfg = Release|Any CPU
		{898C3076-831C-46E7-B004-BCA92FE2699C}.Release|Any CPU.Build.0 = Release|Any CPU
		{898C3076-831C-46E7-B004-BCA92FE2699C}.Release|Mixed Platforms.ActiveCfg = Release|Any CPU
		{898C3076-831C-46E7-B004-BCA92FE2699C}.Release|Mixed Platforms.Build.0 = Release|Any CPU
		{898C3076-831C-46E7-B004-BCA92FE2699C}.Release|x86.ActiveCfg = Release|Any CPU
		{2CA7FD10-B6F7-45D3-88DF-1C26A05F668D}.Debug|Any CPU.ActiveCfg = Debug|Any CPU
		{2CA7FD10-B6F7-45D3-88DF-1C26A05F668D}.Debug|Any CPU.Build.0 = Debug|Any CPU
		{2CA7FD10-B6F7-45D3-88DF-1C26A05F668D}.Debug|Mixed Platforms.ActiveCfg = Debug|Any CPU
		{2CA7FD10-B6F7-45D3-88DF-1C26A05F668D}.Debug|Mixed Platforms.Build.0 = Debug|Any CPU
		{2CA7FD10-B6F7-45D3-88DF-1C26A05F668D}.Debug|x86.ActiveCfg = Debug|Any CPU
		{2CA7FD10-B6F7-45D3-88DF-1C26A05F668D}.Release|Any CPU.ActiveCfg = Release|Any CPU
		{2CA7FD10-B6F7-45D3-88DF-1C26A05F668D}.Release|Any CPU.Build.0 = Release|Any CPU
		{2CA7FD10-B6F7-45D3-88DF-1C26A05F668D}.Release|Mixed Platforms.ActiveCfg = Release|Any CPU
		{2CA7FD10-B6F7-45D3-88DF-1C26A05F668D}.Release|Mixed Platforms.Build.0 = Release|Any CPU
		{2CA7FD10-B6F7-45D3-88DF-1C26A05F668D}.Release|x86.ActiveCfg = Release|Any CPU
		{9A54B1D3-9116-4D12-AA01-D8535BAD78F5}.Debug|Any CPU.ActiveCfg = Debug|Any CPU
		{9A54B1D3-9116-4D12-AA01-D8535BAD78F5}.Debug|Any CPU.Build.0 = Debug|Any CPU
		{9A54B1D3-9116-4D12-AA01-D8535BAD78F5}.Debug|Mixed Platforms.ActiveCfg = Debug|Any CPU
		{9A54B1D3-9116-4D12-AA01-D8535BAD78F5}.Debug|Mixed Platforms.Build.0 = Debug|Any CPU
		{9A54B1D3-9116-4D12-AA01-D8535BAD78F5}.Debug|x86.ActiveCfg = Debug|Any CPU
		{9A54B1D3-9116-4D12-AA01-D8535BAD78F5}.Release|Any CPU.ActiveCfg = Release|Any CPU
		{9A54B1D3-9116-4D12-AA01-D8535BAD78F5}.Release|Any CPU.Build.0 = Release|Any CPU
		{9A54B1D3-9116-4D12-AA01-D8535BAD78F5}.Release|Mixed Platforms.ActiveCfg = Release|Any CPU
		{9A54B1D3-9116-4D12-AA01-D8535BAD78F5}.Release|Mixed Platforms.Build.0 = Release|Any CPU
		{9A54B1D3-9116-4D12-AA01-D8535BAD78F5}.Release|x86.ActiveCfg = Release|Any CPU
		{3A743EBC-CF7A-4E14-B259-8C5A842B63F2}.Debug|Any CPU.ActiveCfg = Debug|Any CPU
		{3A743EBC-CF7A-4E14-B259-8C5A842B63F2}.Debug|Any CPU.Build.0 = Debug|Any CPU
		{3A743EBC-CF7A-4E14-B259-8C5A842B63F2}.Debug|Mixed Platforms.ActiveCfg = Debug|Any CPU
		{3A743EBC-CF7A-4E14-B259-8C5A842B63F2}.Debug|Mixed Platforms.Build.0 = Debug|Any CPU
		{3A743EBC-CF7A-4E14-B259-8C5A842B63F2}.Debug|x86.ActiveCfg = Debug|Any CPU
		{3A743EBC-CF7A-4E14-B259-8C5A842B63F2}.Release|Any CPU.ActiveCfg = Release|Any CPU
		{3A743EBC-CF7A-4E14-B259-8C5A842B63F2}.Release|Any CPU.Build.0 = Release|Any CPU
		{3A743EBC-CF7A-4E14-B259-8C5A842B63F2}.Release|Mixed Platforms.ActiveCfg = Release|Any CPU
		{3A743EBC-CF7A-4E14-B259-8C5A842B63F2}.Release|Mixed Platforms.Build.0 = Release|Any CPU
		{3A743EBC-CF7A-4E14-B259-8C5A842B63F2}.Release|x86.ActiveCfg = Release|Any CPU
		{C367B0F4-1037-4AEB-8351-5A2629CB5380}.Debug|Any CPU.ActiveCfg = Debug|Any CPU
		{C367B0F4-1037-4AEB-8351-5A2629CB5380}.Debug|Any CPU.Build.0 = Debug|Any CPU
		{C367B0F4-1037-4AEB-8351-5A2629CB5380}.Debug|Mixed Platforms.ActiveCfg = Debug|Any CPU
		{C367B0F4-1037-4AEB-8351-5A2629CB5380}.Debug|Mixed Platforms.Build.0 = Debug|Any CPU
		{C367B0F4-1037-4AEB-8351-5A2629CB5380}.Debug|x86.ActiveCfg = Debug|Any CPU
		{C367B0F4-1037-4AEB-8351-5A2629CB5380}.Release|Any CPU.ActiveCfg = Release|Any CPU
		{C367B0F4-1037-4AEB-8351-5A2629CB5380}.Release|Any CPU.Build.0 = Release|Any CPU
		{C367B0F4-1037-4AEB-8351-5A2629CB5380}.Release|Mixed Platforms.ActiveCfg = Release|Any CPU
		{C367B0F4-1037-4AEB-8351-5A2629CB5380}.Release|Mixed Platforms.Build.0 = Release|Any CPU
		{C367B0F4-1037-4AEB-8351-5A2629CB5380}.Release|x86.ActiveCfg = Release|Any CPU
		{31DBBBB0-B79C-4A9B-82EB-EE43F712AF9F}.Debug|Any CPU.ActiveCfg = Debug|Any CPU
		{31DBBBB0-B79C-4A9B-82EB-EE43F712AF9F}.Debug|Any CPU.Build.0 = Debug|Any CPU
		{31DBBBB0-B79C-4A9B-82EB-EE43F712AF9F}.Debug|Mixed Platforms.ActiveCfg = Debug|Any CPU
		{31DBBBB0-B79C-4A9B-82EB-EE43F712AF9F}.Debug|Mixed Platforms.Build.0 = Debug|Any CPU
		{31DBBBB0-B79C-4A9B-82EB-EE43F712AF9F}.Debug|x86.ActiveCfg = Debug|Any CPU
		{31DBBBB0-B79C-4A9B-82EB-EE43F712AF9F}.Release|Any CPU.ActiveCfg = Release|Any CPU
		{31DBBBB0-B79C-4A9B-82EB-EE43F712AF9F}.Release|Any CPU.Build.0 = Release|Any CPU
		{31DBBBB0-B79C-4A9B-82EB-EE43F712AF9F}.Release|Mixed Platforms.ActiveCfg = Release|Any CPU
		{31DBBBB0-B79C-4A9B-82EB-EE43F712AF9F}.Release|Mixed Platforms.Build.0 = Release|Any CPU
		{31DBBBB0-B79C-4A9B-82EB-EE43F712AF9F}.Release|x86.ActiveCfg = Release|Any CPU
		{35AC8C00-276F-4582-A328-650EC07B98C2}.Debug|Any CPU.ActiveCfg = Debug|Any CPU
		{35AC8C00-276F-4582-A328-650EC07B98C2}.Debug|Any CPU.Build.0 = Debug|Any CPU
		{35AC8C00-276F-4582-A328-650EC07B98C2}.Debug|Mixed Platforms.ActiveCfg = Debug|Any CPU
		{35AC8C00-276F-4582-A328-650EC07B98C2}.Debug|Mixed Platforms.Build.0 = Debug|Any CPU
		{35AC8C00-276F-4582-A328-650EC07B98C2}.Debug|x86.ActiveCfg = Debug|Any CPU
		{35AC8C00-276F-4582-A328-650EC07B98C2}.Release|Any CPU.ActiveCfg = Release|Any CPU
		{35AC8C00-276F-4582-A328-650EC07B98C2}.Release|Any CPU.Build.0 = Release|Any CPU
		{35AC8C00-276F-4582-A328-650EC07B98C2}.Release|Mixed Platforms.ActiveCfg = Release|Any CPU
		{35AC8C00-276F-4582-A328-650EC07B98C2}.Release|Mixed Platforms.Build.0 = Release|Any CPU
		{35AC8C00-276F-4582-A328-650EC07B98C2}.Release|x86.ActiveCfg = Release|Any CPU
		{0A166C52-07AF-40C1-B42A-ABBEECABA041}.Debug|Any CPU.ActiveCfg = Debug|Any CPU
		{0A166C52-07AF-40C1-B42A-ABBEECABA041}.Debug|Any CPU.Build.0 = Debug|Any CPU
		{0A166C52-07AF-40C1-B42A-ABBEECABA041}.Debug|Mixed Platforms.ActiveCfg = Debug|Any CPU
		{0A166C52-07AF-40C1-B42A-ABBEECABA041}.Debug|Mixed Platforms.Build.0 = Debug|Any CPU
		{0A166C52-07AF-40C1-B42A-ABBEECABA041}.Debug|x86.ActiveCfg = Debug|Any CPU
		{0A166C52-07AF-40C1-B42A-ABBEECABA041}.Release|Any CPU.ActiveCfg = Release|Any CPU
		{0A166C52-07AF-40C1-B42A-ABBEECABA041}.Release|Any CPU.Build.0 = Release|Any CPU
		{0A166C52-07AF-40C1-B42A-ABBEECABA041}.Release|Mixed Platforms.ActiveCfg = Release|Any CPU
		{0A166C52-07AF-40C1-B42A-ABBEECABA041}.Release|Mixed Platforms.Build.0 = Release|Any CPU
		{0A166C52-07AF-40C1-B42A-ABBEECABA041}.Release|x86.ActiveCfg = Release|Any CPU
		{5CD766F7-4981-44B1-8D5E-36DBE31FCE6C}.Debug|Any CPU.ActiveCfg = Debug|Any CPU
		{5CD766F7-4981-44B1-8D5E-36DBE31FCE6C}.Debug|Any CPU.Build.0 = Debug|Any CPU
		{5CD766F7-4981-44B1-8D5E-36DBE31FCE6C}.Debug|Mixed Platforms.ActiveCfg = Debug|Any CPU
		{5CD766F7-4981-44B1-8D5E-36DBE31FCE6C}.Debug|Mixed Platforms.Build.0 = Debug|Any CPU
		{5CD766F7-4981-44B1-8D5E-36DBE31FCE6C}.Debug|x86.ActiveCfg = Debug|Any CPU
		{5CD766F7-4981-44B1-8D5E-36DBE31FCE6C}.Release|Any CPU.ActiveCfg = Release|Any CPU
		{5CD766F7-4981-44B1-8D5E-36DBE31FCE6C}.Release|Any CPU.Build.0 = Release|Any CPU
		{5CD766F7-4981-44B1-8D5E-36DBE31FCE6C}.Release|Mixed Platforms.ActiveCfg = Release|Any CPU
		{5CD766F7-4981-44B1-8D5E-36DBE31FCE6C}.Release|Mixed Platforms.Build.0 = Release|Any CPU
		{5CD766F7-4981-44B1-8D5E-36DBE31FCE6C}.Release|x86.ActiveCfg = Release|Any CPU
		{FB6BA55A-0B41-4F48-94D2-0B7189A6C24E}.Debug|Any CPU.ActiveCfg = Debug|Any CPU
		{FB6BA55A-0B41-4F48-94D2-0B7189A6C24E}.Debug|Any CPU.Build.0 = Debug|Any CPU
		{FB6BA55A-0B41-4F48-94D2-0B7189A6C24E}.Debug|Mixed Platforms.ActiveCfg = Debug|Any CPU
		{FB6BA55A-0B41-4F48-94D2-0B7189A6C24E}.Debug|Mixed Platforms.Build.0 = Debug|Any CPU
		{FB6BA55A-0B41-4F48-94D2-0B7189A6C24E}.Debug|x86.ActiveCfg = Debug|Any CPU
		{FB6BA55A-0B41-4F48-94D2-0B7189A6C24E}.Release|Any CPU.ActiveCfg = Release|Any CPU
		{FB6BA55A-0B41-4F48-94D2-0B7189A6C24E}.Release|Any CPU.Build.0 = Release|Any CPU
		{FB6BA55A-0B41-4F48-94D2-0B7189A6C24E}.Release|Mixed Platforms.ActiveCfg = Release|Any CPU
		{FB6BA55A-0B41-4F48-94D2-0B7189A6C24E}.Release|Mixed Platforms.Build.0 = Release|Any CPU
		{FB6BA55A-0B41-4F48-94D2-0B7189A6C24E}.Release|x86.ActiveCfg = Release|Any CPU
		{B51E9365-B0D7-4315-81F1-DCB49AC1731B}.Debug|Any CPU.ActiveCfg = Debug|Any CPU
		{B51E9365-B0D7-4315-81F1-DCB49AC1731B}.Debug|Any CPU.Build.0 = Debug|Any CPU
		{B51E9365-B0D7-4315-81F1-DCB49AC1731B}.Debug|Mixed Platforms.ActiveCfg = Debug|Any CPU
		{B51E9365-B0D7-4315-81F1-DCB49AC1731B}.Debug|Mixed Platforms.Build.0 = Debug|Any CPU
		{B51E9365-B0D7-4315-81F1-DCB49AC1731B}.Debug|x86.ActiveCfg = Debug|Any CPU
		{B51E9365-B0D7-4315-81F1-DCB49AC1731B}.Release|Any CPU.ActiveCfg = Release|Any CPU
		{B51E9365-B0D7-4315-81F1-DCB49AC1731B}.Release|Any CPU.Build.0 = Release|Any CPU
		{B51E9365-B0D7-4315-81F1-DCB49AC1731B}.Release|Mixed Platforms.ActiveCfg = Release|Any CPU
		{B51E9365-B0D7-4315-81F1-DCB49AC1731B}.Release|Mixed Platforms.Build.0 = Release|Any CPU
		{B51E9365-B0D7-4315-81F1-DCB49AC1731B}.Release|x86.ActiveCfg = Release|Any CPU
		{4E9F7272-33F7-465C-8BD9-87F801222C9E}.Debug|Any CPU.ActiveCfg = Debug|Any CPU
		{4E9F7272-33F7-465C-8BD9-87F801222C9E}.Debug|Any CPU.Build.0 = Debug|Any CPU
		{4E9F7272-33F7-465C-8BD9-87F801222C9E}.Debug|Mixed Platforms.ActiveCfg = Debug|Any CPU
		{4E9F7272-33F7-465C-8BD9-87F801222C9E}.Debug|Mixed Platforms.Build.0 = Debug|Any CPU
		{4E9F7272-33F7-465C-8BD9-87F801222C9E}.Debug|x86.ActiveCfg = Debug|Any CPU
		{4E9F7272-33F7-465C-8BD9-87F801222C9E}.Release|Any CPU.ActiveCfg = Release|Any CPU
		{4E9F7272-33F7-465C-8BD9-87F801222C9E}.Release|Any CPU.Build.0 = Release|Any CPU
		{4E9F7272-33F7-465C-8BD9-87F801222C9E}.Release|Mixed Platforms.ActiveCfg = Release|Any CPU
		{4E9F7272-33F7-465C-8BD9-87F801222C9E}.Release|Mixed Platforms.Build.0 = Release|Any CPU
		{4E9F7272-33F7-465C-8BD9-87F801222C9E}.Release|x86.ActiveCfg = Release|Any CPU
		{DB77A04C-5163-445D-929C-2905C1A5E9E3}.Debug|Any CPU.ActiveCfg = Debug|Any CPU
		{DB77A04C-5163-445D-929C-2905C1A5E9E3}.Debug|Any CPU.Build.0 = Debug|Any CPU
		{DB77A04C-5163-445D-929C-2905C1A5E9E3}.Debug|Mixed Platforms.ActiveCfg = Debug|Any CPU
		{DB77A04C-5163-445D-929C-2905C1A5E9E3}.Debug|Mixed Platforms.Build.0 = Debug|Any CPU
		{DB77A04C-5163-445D-929C-2905C1A5E9E3}.Debug|x86.ActiveCfg = Debug|Any CPU
		{DB77A04C-5163-445D-929C-2905C1A5E9E3}.Release|Any CPU.ActiveCfg = Release|Any CPU
		{DB77A04C-5163-445D-929C-2905C1A5E9E3}.Release|Any CPU.Build.0 = Release|Any CPU
		{DB77A04C-5163-445D-929C-2905C1A5E9E3}.Release|Mixed Platforms.ActiveCfg = Release|Any CPU
		{DB77A04C-5163-445D-929C-2905C1A5E9E3}.Release|Mixed Platforms.Build.0 = Release|Any CPU
		{DB77A04C-5163-445D-929C-2905C1A5E9E3}.Release|x86.ActiveCfg = Release|Any CPU
		{C2FD5B72-A882-4766-A5F9-9F5FF9BB3257}.Debug|Any CPU.ActiveCfg = Debug|Any CPU
		{C2FD5B72-A882-4766-A5F9-9F5FF9BB3257}.Debug|Any CPU.Build.0 = Debug|Any CPU
		{C2FD5B72-A882-4766-A5F9-9F5FF9BB3257}.Debug|Mixed Platforms.ActiveCfg = Debug|Any CPU
		{C2FD5B72-A882-4766-A5F9-9F5FF9BB3257}.Debug|Mixed Platforms.Build.0 = Debug|Any CPU
		{C2FD5B72-A882-4766-A5F9-9F5FF9BB3257}.Debug|x86.ActiveCfg = Debug|Any CPU
		{C2FD5B72-A882-4766-A5F9-9F5FF9BB3257}.Release|Any CPU.ActiveCfg = Release|Any CPU
		{C2FD5B72-A882-4766-A5F9-9F5FF9BB3257}.Release|Any CPU.Build.0 = Release|Any CPU
		{C2FD5B72-A882-4766-A5F9-9F5FF9BB3257}.Release|Mixed Platforms.ActiveCfg = Release|Any CPU
		{C2FD5B72-A882-4766-A5F9-9F5FF9BB3257}.Release|Mixed Platforms.Build.0 = Release|Any CPU
		{C2FD5B72-A882-4766-A5F9-9F5FF9BB3257}.Release|x86.ActiveCfg = Release|Any CPU
		{26F7260F-B714-4B99-995F-EA27775F14DB}.Debug|Any CPU.ActiveCfg = Debug|Any CPU
		{26F7260F-B714-4B99-995F-EA27775F14DB}.Debug|Any CPU.Build.0 = Debug|Any CPU
		{26F7260F-B714-4B99-995F-EA27775F14DB}.Debug|Mixed Platforms.ActiveCfg = Debug|Any CPU
		{26F7260F-B714-4B99-995F-EA27775F14DB}.Debug|Mixed Platforms.Build.0 = Debug|Any CPU
		{26F7260F-B714-4B99-995F-EA27775F14DB}.Debug|x86.ActiveCfg = Debug|Any CPU
		{26F7260F-B714-4B99-995F-EA27775F14DB}.Release|Any CPU.ActiveCfg = Release|Any CPU
		{26F7260F-B714-4B99-995F-EA27775F14DB}.Release|Any CPU.Build.0 = Release|Any CPU
		{26F7260F-B714-4B99-995F-EA27775F14DB}.Release|Mixed Platforms.ActiveCfg = Release|Any CPU
		{26F7260F-B714-4B99-995F-EA27775F14DB}.Release|Mixed Platforms.Build.0 = Release|Any CPU
		{26F7260F-B714-4B99-995F-EA27775F14DB}.Release|x86.ActiveCfg = Release|Any CPU
		{9F3BF4B3-6AA4-41B5-820E-4626FE088126}.Debug|Any CPU.ActiveCfg = Debug|x86
		{9F3BF4B3-6AA4-41B5-820E-4626FE088126}.Debug|Mixed Platforms.ActiveCfg = Debug|x86
		{9F3BF4B3-6AA4-41B5-820E-4626FE088126}.Debug|Mixed Platforms.Build.0 = Debug|x86
		{9F3BF4B3-6AA4-41B5-820E-4626FE088126}.Debug|x86.ActiveCfg = Debug|x86
		{9F3BF4B3-6AA4-41B5-820E-4626FE088126}.Debug|x86.Build.0 = Debug|x86
		{9F3BF4B3-6AA4-41B5-820E-4626FE088126}.Release|Any CPU.ActiveCfg = Release|x86
		{9F3BF4B3-6AA4-41B5-820E-4626FE088126}.Release|Mixed Platforms.ActiveCfg = Release|x86
		{9F3BF4B3-6AA4-41B5-820E-4626FE088126}.Release|Mixed Platforms.Build.0 = Release|x86
		{9F3BF4B3-6AA4-41B5-820E-4626FE088126}.Release|x86.ActiveCfg = Release|x86
		{9F3BF4B3-6AA4-41B5-820E-4626FE088126}.Release|x86.Build.0 = Release|x86
		{31B301BD-5D6C-480E-B631-D587C7EDE566}.Debug|Any CPU.ActiveCfg = Debug|Any CPU
		{31B301BD-5D6C-480E-B631-D587C7EDE566}.Debug|Any CPU.Build.0 = Debug|Any CPU
		{31B301BD-5D6C-480E-B631-D587C7EDE566}.Debug|Mixed Platforms.ActiveCfg = Debug|x86
		{31B301BD-5D6C-480E-B631-D587C7EDE566}.Debug|Mixed Platforms.Build.0 = Debug|x86
		{31B301BD-5D6C-480E-B631-D587C7EDE566}.Debug|x86.ActiveCfg = Debug|x86
		{31B301BD-5D6C-480E-B631-D587C7EDE566}.Debug|x86.Build.0 = Debug|x86
		{31B301BD-5D6C-480E-B631-D587C7EDE566}.Release|Any CPU.ActiveCfg = Release|Any CPU
		{31B301BD-5D6C-480E-B631-D587C7EDE566}.Release|Any CPU.Build.0 = Release|Any CPU
		{31B301BD-5D6C-480E-B631-D587C7EDE566}.Release|Mixed Platforms.ActiveCfg = Release|x86
		{31B301BD-5D6C-480E-B631-D587C7EDE566}.Release|Mixed Platforms.Build.0 = Release|x86
		{31B301BD-5D6C-480E-B631-D587C7EDE566}.Release|x86.ActiveCfg = Release|x86
		{31B301BD-5D6C-480E-B631-D587C7EDE566}.Release|x86.Build.0 = Release|x86
	EndGlobalSection
	GlobalSection(SolutionProperties) = preSolution
		HideSolutionNode = FALSE
	EndGlobalSection
EndGlobal
