
Microsoft Visual Studio Solution File, Format Version 12.00
# Visual Studio 2013
VisualStudioVersion = 12.0.30723.0
MinimumVisualStudioVersion = 10.0.40219.1
Project("{FAE04EC0-301F-11D3-BF4B-00C04F79EFBC}") = "BrandSharp", "BrandSharp.csproj", "{5B1B5F3D-B7CC-48F4-BCBB-B99E340958F4}"
EndProject
Project("{FAE04EC0-301F-11D3-BF4B-00C04F79EFBC}") = "Irelia", "..\Irelia\Irelia.csproj", "{129A0967-720E-4827-9313-2CF46F1678A4}"
EndProject
Project("{FAE04EC0-301F-11D3-BF4B-00C04F79EFBC}") = "JaxQx", "..\JaxQx\JaxQx.csproj", "{EF9CA7EE-D3C5-4938-92C2-A4438A904DDA}"
EndProject
Project("{FAE04EC0-301F-11D3-BF4B-00C04F79EFBC}") = "Leblanc", "..\Leblanc\Leblanc.csproj", "{A8FCBD33-1F7D-4A4E-B8AB-5854D1403105}"
EndProject
Project("{FAE04EC0-301F-11D3-BF4B-00C04F79EFBC}") = "MasterYi", "..\MasterYi\MasterYi.csproj", "{8BD5733B-54FA-43D9-8D78-B48B8A063657}"
EndProject
Project("{FAE04EC0-301F-11D3-BF4B-00C04F79EFBC}") = "Mordekaiser", "..\Mordekaiser\Mordekaiser.csproj", "{E08DDFDA-B67B-4F57-BA7C-5E42D1CC0BC6}"
EndProject
Project("{FAE04EC0-301F-11D3-BF4B-00C04F79EFBC}") = "Pantheon", "..\Pantheon\Pantheon.csproj", "{ED7A4F0C-E31C-4FAA-8C18-4F18D0DC1ED4}"
EndProject
Project("{FAE04EC0-301F-11D3-BF4B-00C04F79EFBC}") = "Shen", "..\Shen\Shen.csproj", "{28709121-E9F7-4329-8A21-DBC1149C52E6}"
EndProject
Project("{FAE04EC0-301F-11D3-BF4B-00C04F79EFBC}") = "Swain", "..\Swain\Swain.csproj", "{C97A4CD9-5554-43E7-BC21-7D3083873DE0}"
EndProject
Project("{FAE04EC0-301F-11D3-BF4B-00C04F79EFBC}") = "VeigarEndboss", "..\VeigarEndboss\VeigarEndboss.csproj", "{C48D6D8D-A8E0-44C7-B158-F8910F9F24D5}"
EndProject
Project("{FAE04EC0-301F-11D3-BF4B-00C04F79EFBC}") = "Vi", "..\Vi\Vi.csproj", "{1BABBB47-14F2-4237-A357-E32071296C19}"
EndProject
Project("{FAE04EC0-301F-11D3-BF4B-00C04F79EFBC}") = "Wukong", "..\Wukong\Wukong.csproj", "{466E1C8B-7491-42EB-8E59-51EB7DEC928C}"
EndProject
Project("{FAE04EC0-301F-11D3-BF4B-00C04F79EFBC}") = "XinZhao", "..\XinZhao\XinZhao.csproj", "{69D3D14E-050A-49A3-9F3D-509036B72C4E}"
EndProject
Project("{FAE04EC0-301F-11D3-BF4B-00C04F79EFBC}") = "JunglePosition", "..\JunglePosition\JunglePosition.csproj", "{75D183B9-7E0E-4A77-AC07-127C56FF5D77}"
EndProject
Project("{FAE04EC0-301F-11D3-BF4B-00C04F79EFBC}") = "xQxUtilities", "..\xQx Utilities\xQxUtilities.csproj", "{A897A360-9549-4965-943A-C1E8FC182F2F}"
EndProject
Project("{FAE04EC0-301F-11D3-BF4B-00C04F79EFBC}") = "ShowMySupportItems", "..\ShowMySupportItems\ShowMySupportItems.csproj", "{51A53DE8-252A-40A1-82FA-BE27D482D856}"
EndProject
Global
	GlobalSection(SolutionConfigurationPlatforms) = preSolution
		Debug|Any CPU = Debug|Any CPU
		Debug|x86 = Debug|x86
		Release|Any CPU = Release|Any CPU
		Release|x86 = Release|x86
	EndGlobalSection
	GlobalSection(ProjectConfigurationPlatforms) = postSolution
		{5B1B5F3D-B7CC-48F4-BCBB-B99E340958F4}.Debug|Any CPU.ActiveCfg = Debug|Any CPU
		{5B1B5F3D-B7CC-48F4-BCBB-B99E340958F4}.Debug|Any CPU.Build.0 = Debug|Any CPU
		{5B1B5F3D-B7CC-48F4-BCBB-B99E340958F4}.Debug|x86.ActiveCfg = Debug|x86
		{5B1B5F3D-B7CC-48F4-BCBB-B99E340958F4}.Debug|x86.Build.0 = Debug|x86
		{5B1B5F3D-B7CC-48F4-BCBB-B99E340958F4}.Release|Any CPU.ActiveCfg = Release|Any CPU
		{5B1B5F3D-B7CC-48F4-BCBB-B99E340958F4}.Release|Any CPU.Build.0 = Release|Any CPU
		{5B1B5F3D-B7CC-48F4-BCBB-B99E340958F4}.Release|x86.ActiveCfg = Release|x86
		{5B1B5F3D-B7CC-48F4-BCBB-B99E340958F4}.Release|x86.Build.0 = Release|x86
		{129A0967-720E-4827-9313-2CF46F1678A4}.Debug|Any CPU.ActiveCfg = Debug|Any CPU
		{129A0967-720E-4827-9313-2CF46F1678A4}.Debug|Any CPU.Build.0 = Debug|Any CPU
		{129A0967-720E-4827-9313-2CF46F1678A4}.Debug|x86.ActiveCfg = Debug|x86
		{129A0967-720E-4827-9313-2CF46F1678A4}.Debug|x86.Build.0 = Debug|x86
		{129A0967-720E-4827-9313-2CF46F1678A4}.Release|Any CPU.ActiveCfg = Release|Any CPU
		{129A0967-720E-4827-9313-2CF46F1678A4}.Release|Any CPU.Build.0 = Release|Any CPU
		{129A0967-720E-4827-9313-2CF46F1678A4}.Release|x86.ActiveCfg = Release|x86
		{129A0967-720E-4827-9313-2CF46F1678A4}.Release|x86.Build.0 = Release|x86
		{EF9CA7EE-D3C5-4938-92C2-A4438A904DDA}.Debug|Any CPU.ActiveCfg = Debug|Any CPU
		{EF9CA7EE-D3C5-4938-92C2-A4438A904DDA}.Debug|Any CPU.Build.0 = Debug|Any CPU
		{EF9CA7EE-D3C5-4938-92C2-A4438A904DDA}.Debug|x86.ActiveCfg = Debug|x86
		{EF9CA7EE-D3C5-4938-92C2-A4438A904DDA}.Debug|x86.Build.0 = Debug|x86
		{EF9CA7EE-D3C5-4938-92C2-A4438A904DDA}.Release|Any CPU.ActiveCfg = Release|Any CPU
		{EF9CA7EE-D3C5-4938-92C2-A4438A904DDA}.Release|Any CPU.Build.0 = Release|Any CPU
		{EF9CA7EE-D3C5-4938-92C2-A4438A904DDA}.Release|x86.ActiveCfg = Release|x86
		{EF9CA7EE-D3C5-4938-92C2-A4438A904DDA}.Release|x86.Build.0 = Release|x86
		{A8FCBD33-1F7D-4A4E-B8AB-5854D1403105}.Debug|Any CPU.ActiveCfg = Debug|Any CPU
		{A8FCBD33-1F7D-4A4E-B8AB-5854D1403105}.Debug|Any CPU.Build.0 = Debug|Any CPU
		{A8FCBD33-1F7D-4A4E-B8AB-5854D1403105}.Debug|x86.ActiveCfg = Debug|Any CPU
		{A8FCBD33-1F7D-4A4E-B8AB-5854D1403105}.Release|Any CPU.ActiveCfg = Release|Any CPU
		{A8FCBD33-1F7D-4A4E-B8AB-5854D1403105}.Release|Any CPU.Build.0 = Release|Any CPU
		{A8FCBD33-1F7D-4A4E-B8AB-5854D1403105}.Release|x86.ActiveCfg = Release|Any CPU
		{8BD5733B-54FA-43D9-8D78-B48B8A063657}.Debug|Any CPU.ActiveCfg = Debug|Any CPU
		{8BD5733B-54FA-43D9-8D78-B48B8A063657}.Debug|Any CPU.Build.0 = Debug|Any CPU
		{8BD5733B-54FA-43D9-8D78-B48B8A063657}.Debug|x86.ActiveCfg = Debug|x86
		{8BD5733B-54FA-43D9-8D78-B48B8A063657}.Debug|x86.Build.0 = Debug|x86
		{8BD5733B-54FA-43D9-8D78-B48B8A063657}.Release|Any CPU.ActiveCfg = Release|Any CPU
		{8BD5733B-54FA-43D9-8D78-B48B8A063657}.Release|Any CPU.Build.0 = Release|Any CPU
		{8BD5733B-54FA-43D9-8D78-B48B8A063657}.Release|x86.ActiveCfg = Release|x86
		{8BD5733B-54FA-43D9-8D78-B48B8A063657}.Release|x86.Build.0 = Release|x86
		{E08DDFDA-B67B-4F57-BA7C-5E42D1CC0BC6}.Debug|Any CPU.ActiveCfg = Debug|Any CPU
		{E08DDFDA-B67B-4F57-BA7C-5E42D1CC0BC6}.Debug|Any CPU.Build.0 = Debug|Any CPU
		{E08DDFDA-B67B-4F57-BA7C-5E42D1CC0BC6}.Debug|x86.ActiveCfg = Debug|Any CPU
		{E08DDFDA-B67B-4F57-BA7C-5E42D1CC0BC6}.Release|Any CPU.ActiveCfg = Release|Any CPU
		{E08DDFDA-B67B-4F57-BA7C-5E42D1CC0BC6}.Release|Any CPU.Build.0 = Release|Any CPU
		{E08DDFDA-B67B-4F57-BA7C-5E42D1CC0BC6}.Release|x86.ActiveCfg = Release|Any CPU
		{ED7A4F0C-E31C-4FAA-8C18-4F18D0DC1ED4}.Debug|Any CPU.ActiveCfg = Debug|Any CPU
		{ED7A4F0C-E31C-4FAA-8C18-4F18D0DC1ED4}.Debug|Any CPU.Build.0 = Debug|Any CPU
		{ED7A4F0C-E31C-4FAA-8C18-4F18D0DC1ED4}.Debug|x86.ActiveCfg = Debug|x86
		{ED7A4F0C-E31C-4FAA-8C18-4F18D0DC1ED4}.Debug|x86.Build.0 = Debug|x86
		{ED7A4F0C-E31C-4FAA-8C18-4F18D0DC1ED4}.Release|Any CPU.ActiveCfg = Release|Any CPU
		{ED7A4F0C-E31C-4FAA-8C18-4F18D0DC1ED4}.Release|Any CPU.Build.0 = Release|Any CPU
		{ED7A4F0C-E31C-4FAA-8C18-4F18D0DC1ED4}.Release|x86.ActiveCfg = Release|x86
		{ED7A4F0C-E31C-4FAA-8C18-4F18D0DC1ED4}.Release|x86.Build.0 = Release|x86
		{28709121-E9F7-4329-8A21-DBC1149C52E6}.Debug|Any CPU.ActiveCfg = Debug|Any CPU
		{28709121-E9F7-4329-8A21-DBC1149C52E6}.Debug|Any CPU.Build.0 = Debug|Any CPU
		{28709121-E9F7-4329-8A21-DBC1149C52E6}.Debug|x86.ActiveCfg = Debug|x86
		{28709121-E9F7-4329-8A21-DBC1149C52E6}.Debug|x86.Build.0 = Debug|x86
		{28709121-E9F7-4329-8A21-DBC1149C52E6}.Release|Any CPU.ActiveCfg = Release|Any CPU
		{28709121-E9F7-4329-8A21-DBC1149C52E6}.Release|Any CPU.Build.0 = Release|Any CPU
		{28709121-E9F7-4329-8A21-DBC1149C52E6}.Release|x86.ActiveCfg = Release|x86
		{28709121-E9F7-4329-8A21-DBC1149C52E6}.Release|x86.Build.0 = Release|x86
		{C97A4CD9-5554-43E7-BC21-7D3083873DE0}.Debug|Any CPU.ActiveCfg = Debug|Any CPU
		{C97A4CD9-5554-43E7-BC21-7D3083873DE0}.Debug|Any CPU.Build.0 = Debug|Any CPU
		{C97A4CD9-5554-43E7-BC21-7D3083873DE0}.Debug|x86.ActiveCfg = Debug|Any CPU
		{C97A4CD9-5554-43E7-BC21-7D3083873DE0}.Release|Any CPU.ActiveCfg = Release|Any CPU
		{C97A4CD9-5554-43E7-BC21-7D3083873DE0}.Release|Any CPU.Build.0 = Release|Any CPU
		{C97A4CD9-5554-43E7-BC21-7D3083873DE0}.Release|x86.ActiveCfg = Release|Any CPU
		{C48D6D8D-A8E0-44C7-B158-F8910F9F24D5}.Debug|Any CPU.ActiveCfg = Debug|Any CPU
		{C48D6D8D-A8E0-44C7-B158-F8910F9F24D5}.Debug|Any CPU.Build.0 = Debug|Any CPU
		{C48D6D8D-A8E0-44C7-B158-F8910F9F24D5}.Debug|x86.ActiveCfg = Debug|x86
		{C48D6D8D-A8E0-44C7-B158-F8910F9F24D5}.Debug|x86.Build.0 = Debug|x86
		{C48D6D8D-A8E0-44C7-B158-F8910F9F24D5}.Release|Any CPU.ActiveCfg = Release|Any CPU
		{C48D6D8D-A8E0-44C7-B158-F8910F9F24D5}.Release|Any CPU.Build.0 = Release|Any CPU
		{C48D6D8D-A8E0-44C7-B158-F8910F9F24D5}.Release|x86.ActiveCfg = Release|x86
		{C48D6D8D-A8E0-44C7-B158-F8910F9F24D5}.Release|x86.Build.0 = Release|x86
		{1BABBB47-14F2-4237-A357-E32071296C19}.Debug|Any CPU.ActiveCfg = Debug|Any CPU
		{1BABBB47-14F2-4237-A357-E32071296C19}.Debug|Any CPU.Build.0 = Debug|Any CPU
		{1BABBB47-14F2-4237-A357-E32071296C19}.Debug|x86.ActiveCfg = Debug|x86
		{1BABBB47-14F2-4237-A357-E32071296C19}.Debug|x86.Build.0 = Debug|x86
		{1BABBB47-14F2-4237-A357-E32071296C19}.Release|Any CPU.ActiveCfg = Release|Any CPU
		{1BABBB47-14F2-4237-A357-E32071296C19}.Release|Any CPU.Build.0 = Release|Any CPU
		{1BABBB47-14F2-4237-A357-E32071296C19}.Release|x86.ActiveCfg = Release|x86
		{1BABBB47-14F2-4237-A357-E32071296C19}.Release|x86.Build.0 = Release|x86
		{466E1C8B-7491-42EB-8E59-51EB7DEC928C}.Debug|Any CPU.ActiveCfg = Debug|Any CPU
		{466E1C8B-7491-42EB-8E59-51EB7DEC928C}.Debug|Any CPU.Build.0 = Debug|Any CPU
		{466E1C8B-7491-42EB-8E59-51EB7DEC928C}.Debug|x86.ActiveCfg = Debug|x86
		{466E1C8B-7491-42EB-8E59-51EB7DEC928C}.Debug|x86.Build.0 = Debug|x86
		{466E1C8B-7491-42EB-8E59-51EB7DEC928C}.Release|Any CPU.ActiveCfg = Release|Any CPU
		{466E1C8B-7491-42EB-8E59-51EB7DEC928C}.Release|Any CPU.Build.0 = Release|Any CPU
		{466E1C8B-7491-42EB-8E59-51EB7DEC928C}.Release|x86.ActiveCfg = Release|x86
		{466E1C8B-7491-42EB-8E59-51EB7DEC928C}.Release|x86.Build.0 = Release|x86
		{69D3D14E-050A-49A3-9F3D-509036B72C4E}.Debug|Any CPU.ActiveCfg = Debug|Any CPU
		{69D3D14E-050A-49A3-9F3D-509036B72C4E}.Debug|Any CPU.Build.0 = Debug|Any CPU
		{69D3D14E-050A-49A3-9F3D-509036B72C4E}.Debug|x86.ActiveCfg = Debug|Any CPU
		{69D3D14E-050A-49A3-9F3D-509036B72C4E}.Release|Any CPU.ActiveCfg = Release|Any CPU
		{69D3D14E-050A-49A3-9F3D-509036B72C4E}.Release|Any CPU.Build.0 = Release|Any CPU
		{69D3D14E-050A-49A3-9F3D-509036B72C4E}.Release|x86.ActiveCfg = Release|Any CPU
		{75D183B9-7E0E-4A77-AC07-127C56FF5D77}.Debug|Any CPU.ActiveCfg = Debug|Any CPU
		{75D183B9-7E0E-4A77-AC07-127C56FF5D77}.Debug|Any CPU.Build.0 = Debug|Any CPU
		{75D183B9-7E0E-4A77-AC07-127C56FF5D77}.Debug|x86.ActiveCfg = Debug|Any CPU
		{75D183B9-7E0E-4A77-AC07-127C56FF5D77}.Release|Any CPU.ActiveCfg = Release|Any CPU
		{75D183B9-7E0E-4A77-AC07-127C56FF5D77}.Release|Any CPU.Build.0 = Release|Any CPU
		{75D183B9-7E0E-4A77-AC07-127C56FF5D77}.Release|x86.ActiveCfg = Release|Any CPU
		{A897A360-9549-4965-943A-C1E8FC182F2F}.Debug|Any CPU.ActiveCfg = Debug|Any CPU
		{A897A360-9549-4965-943A-C1E8FC182F2F}.Debug|Any CPU.Build.0 = Debug|Any CPU
		{A897A360-9549-4965-943A-C1E8FC182F2F}.Debug|x86.ActiveCfg = Debug|Any CPU
		{A897A360-9549-4965-943A-C1E8FC182F2F}.Release|Any CPU.ActiveCfg = Release|Any CPU
		{A897A360-9549-4965-943A-C1E8FC182F2F}.Release|Any CPU.Build.0 = Release|Any CPU
		{A897A360-9549-4965-943A-C1E8FC182F2F}.Release|x86.ActiveCfg = Release|Any CPU
		{51A53DE8-252A-40A1-82FA-BE27D482D856}.Debug|Any CPU.ActiveCfg = Debug|Any CPU
		{51A53DE8-252A-40A1-82FA-BE27D482D856}.Debug|Any CPU.Build.0 = Debug|Any CPU
		{51A53DE8-252A-40A1-82FA-BE27D482D856}.Debug|x86.ActiveCfg = Debug|Any CPU
		{51A53DE8-252A-40A1-82FA-BE27D482D856}.Release|Any CPU.ActiveCfg = Release|Any CPU
		{51A53DE8-252A-40A1-82FA-BE27D482D856}.Release|Any CPU.Build.0 = Release|Any CPU
		{51A53DE8-252A-40A1-82FA-BE27D482D856}.Release|x86.ActiveCfg = Release|Any CPU
	EndGlobalSection
	GlobalSection(SolutionProperties) = preSolution
		HideSolutionNode = FALSE
	EndGlobalSection
EndGlobal
