
Microsoft Visual Studio Solution File, Format Version 12.00
# Visual Studio 2013
VisualStudioVersion = 12.0.21005.1
MinimumVisualStudioVersion = 10.0.40219.1
Project("{FAE04EC0-301F-11D3-BF4B-00C04F79EFBC}") = "Marksman", "..\Marksman\Marksman.csproj", "{4E9F7272-33F7-465C-8BD9-87F801222C9E}"
EndProject
Project("{FAE04EC0-301F-11D3-BF4B-00C04F79EFBC}") = "Syndra", "..\Syndra\Syndra.csproj", "{88E594CB-F803-4291-A037-40B81549189B}"
EndProject
Project("{FAE04EC0-301F-11D3-BF4B-00C04F79EFBC}") = "Orianna", "..\Orianna\Orianna\Orianna.csproj", "{B51E9365-B0D7-4315-81F1-DCB49AC1731B}"
EndProject
Project("{FAE04EC0-301F-11D3-BF4B-00C04F79EFBC}") = "UltimateCarry", "..\UltimateCarry\UltimateCarry.csproj", "{4E4AD909-A179-4405-BF29-142F42615B79}"
EndProject
Project("{FAE04EC0-301F-11D3-BF4B-00C04F79EFBC}") = "Ziggs", "..\Ziggs\Ziggs.csproj", "{035C1E93-5DE6-4222-B482-A5819B31E8F4}"
EndProject
Project("{FAE04EC0-301F-11D3-BF4B-00C04F79EFBC}") = "TwistedFate", "..\Twisted Fate\TwistedFate.csproj", "{701772AD-6AAD-48F8-A098-7C01F9F4BF9B}"
EndProject
Project("{FAE04EC0-301F-11D3-BF4B-00C04F79EFBC}") = "BrandSharp", "..\BrandSharp\BrandSharp.csproj", "{5B1B5F3D-B7CC-48F4-BCBB-B99E340958F4}"
EndProject
Project("{FAE04EC0-301F-11D3-BF4B-00C04F79EFBC}") = "Nidalee", "..\Nidalee\Nidalee.csproj", "{C470179E-2B87-48A0-8731-3429EBE836C6}"
EndProject
Project("{FAE04EC0-301F-11D3-BF4B-00C04F79EFBC}") = "MapHack", "..\Tools\MapHack\MapHack.csproj", "{474B2AEA-6880-46F0-AD9A-FCEBE5B7DC9A}"
EndProject
Project("{FAE04EC0-301F-11D3-BF4B-00C04F79EFBC}") = "JungleTimers", "..\Tools\JungleTimers\JungleTimers.csproj", "{FA3B1C8A-CB38-4E20-AD56-6DB77677504C}"
EndProject
Project("{FAE04EC0-301F-11D3-BF4B-00C04F79EFBC}") = "QuickSmite", "..\Tools\QuickSmite\QuickSmite.csproj", "{040A105E-8FC4-444E-BD61-A7F74413EB73}"
EndProject
Project("{FAE04EC0-301F-11D3-BF4B-00C04F79EFBC}") = "QuickWardWatcher", "..\Tools\QuickWardWatcher\QuickWardWatcher.csproj", "{B5166E39-2EE3-4941-94A2-D1F24E0F66A7}"
EndProject
Project("{FAE04EC0-301F-11D3-BF4B-00C04F79EFBC}") = "LeeSinSharp", "..\LeeSinSharp- InProgress\LeeSinSharp.csproj", "{2B7EF8C3-258A-49FE-843C-53DA8A296ADF}"
EndProject
Project("{FAE04EC0-301F-11D3-BF4B-00C04F79EFBC}") = "Leblanc", "..\Leblanc\Leblanc.csproj", "{162EF58E-1C2E-4654-AE16-F7B02E379710}"
EndProject
Project("{FAE04EC0-301F-11D3-BF4B-00C04F79EFBC}") = "Velkoz Assembly", "..\Velkoz\Velkoz Assembly.csproj", "{74C3DD8A-83F9-4BA5-BB5A-5D6FBE7DF7D3}"
EndProject
Project("{FAE04EC0-301F-11D3-BF4B-00C04F79EFBC}") = "Swain", "..\Swain\Swain.csproj", "{C97A4CD9-5554-43E7-BC21-7D3083873DE0}"
EndProject
Project("{FAE04EC0-301F-11D3-BF4B-00C04F79EFBC}") = "Irelia", "Irelia.csproj", "{129A0967-720E-4827-9313-2CF46F1678A4}"
EndProject
Project("{FAE04EC0-301F-11D3-BF4B-00C04F79EFBC}") = "kKayle2", "..\kKayle2\kKayle2.csproj", "{E5C18EA9-C70B-45E1-8395-BCD2FB1EBC59}"
EndProject
Project("{FAE04EC0-301F-11D3-BF4B-00C04F79EFBC}") = "SAwareness", "..\SAwareness\SAwareness.csproj", "{3B7D44FB-7D26-4033-B1D6-F726627D2B94}"
EndProject
Project("{FAE04EC0-301F-11D3-BF4B-00C04F79EFBC}") = "Evelynn", "..\Evelynn\Evelynn.csproj", "{9E05408D-02B8-4C2F-9D45-84E7C143A269}"
EndProject
Project("{FAE04EC0-301F-11D3-BF4B-00C04F79EFBC}") = "Xerath", "..\Xerath\Xerath.csproj", "{C9E81BE5-14CC-4B79-AE61-39D505F82F3B}"
EndProject
Project("{FAE04EC0-301F-11D3-BF4B-00C04F79EFBC}") = "Renekton", "..\Renekton\Frosty Renekton\Renekton.csproj", "{51424FCE-1D91-4C1B-9A37-57BD810E9CC6}"
EndProject
Project("{FAE04EC0-301F-11D3-BF4B-00C04F79EFBC}") = "Braum", "..\Braum\Braum\Braum.csproj", "{2A4A3F60-DD36-4BDA-B632-061C38AF958C}"
EndProject
Project("{FAE04EC0-301F-11D3-BF4B-00C04F79EFBC}") = "Nami", "..\Nami\Nami.csproj", "{E85829F0-FE43-442A-8ED8-6308B26E7DA6}"
EndProject
Project("{FAE04EC0-301F-11D3-BF4B-00C04F79EFBC}") = "AhriSharp", "..\AhriSharp\AhriSharp.csproj", "{A0EB8DD9-FBAF-4FE8-8FE1-39D0D2C33184}"
EndProject
Project("{FAE04EC0-301F-11D3-BF4B-00C04F79EFBC}") = "BuffLogger", "..\BuffLogger\BuffLogger.csproj", "{3A6E2A44-E3D5-4FC4-A644-8EB4E57B7B78}"
EndProject
Project("{FAE04EC0-301F-11D3-BF4B-00C04F79EFBC}") = "Vladimir", "..\Vladimir\Vladimir.csproj", "{DF8658DB-3A48-4A51-A809-E52AB92F6360}"
EndProject
Project("{FAE04EC0-301F-11D3-BF4B-00C04F79EFBC}") = "Lib", "..\BuffManager\Lib.csproj", "{E3CEED5B-7C76-4B74-A5FB-B4FF9DC8A6FD}"
EndProject
Project("{FAE04EC0-301F-11D3-BF4B-00C04F79EFBC}") = "JaxQx", "..\Jax\JaxQx.csproj", "{14C16E44-D99B-4AE7-85AF-90E49CB211B2}"
EndProject
Project("{FAE04EC0-301F-11D3-BF4B-00C04F79EFBC}") = "Tracker", "..\Tracker\Tracker.csproj", "{2F263D1E-DDC3-4762-A5D3-F52E0CE1DE65}"
EndProject
Project("{FAE04EC0-301F-11D3-BF4B-00C04F79EFBC}") = "LeeSin", "..\LeeSin\LeeSin.csproj", "{C3B68A83-CDD1-4605-ABE2-A5C8F1B6B845}"
EndProject
Project("{FAE04EC0-301F-11D3-BF4B-00C04F79EFBC}") = "Ajumper", "..\WardJump\Ajumper.csproj", "{86212736-E850-4F47-94D6-7ED88AF95920}"
EndProject
Project("{FAE04EC0-301F-11D3-BF4B-00C04F79EFBC}") = "Katarina", "..\Katarina\Katarina.csproj", "{34DC02DA-7AA8-4CEE-85E1-54A8BA542942}"
EndProject
Project("{FAE04EC0-301F-11D3-BF4B-00C04F79EFBC}") = "MasterActivator", "..\MasterActivator\MasterActivator.csproj", "{B176C99F-9701-426D-8D43-9F02E1D7421C}"
EndProject
Project("{FAE04EC0-301F-11D3-BF4B-00C04F79EFBC}") = "Azir", "..\Azir\Azir.csproj", "{D8FED8AC-59C9-4F1D-A964-8969C8777A5A}"
EndProject
Project("{FAE04EC0-301F-11D3-BF4B-00C04F79EFBC}") = "Sejuani", "..\Sejuani\Frosty Sejuani\Sejuani.csproj", "{C7D2F492-1A5C-4A48-AEFB-52805F159B61}"
EndProject
Project("{FAE04EC0-301F-11D3-BF4B-00C04F79EFBC}") = "D-Kayle", "..\D-Kayle\D-Kayle.csproj", "{87460FA5-1348-4BCE-AE87-F154AFDFA908}"
EndProject
Project("{FAE04EC0-301F-11D3-BF4B-00C04F79EFBC}") = "D_NIdalino", "..\Nidalino\D_NIdalino.csproj", "{804E05BC-37D2-40CF-ABE7-7D4B03EA9866}"
EndProject
Project("{FAE04EC0-301F-11D3-BF4B-00C04F79EFBC}") = "Vi", "..\Vi\Vi.csproj", "{1B2E71F5-394A-4339-8A44-F595B28AD892}"
EndProject
Project("{FAE04EC0-301F-11D3-BF4B-00C04F79EFBC}") = "LeagueSharp.Common", "..\LeagueSharp.Common\LeagueSharp.Common.csproj", "{21D7E4EF-319E-4AD4-A59C-45AF22072DCA}"
EndProject
Global
	GlobalSection(SolutionConfigurationPlatforms) = preSolution
		Debug|Any CPU = Debug|Any CPU
		Debug|x64 = Debug|x64
		Debug|x86 = Debug|x86
		Release|Any CPU = Release|Any CPU
		Release|x64 = Release|x64
		Release|x86 = Release|x86
	EndGlobalSection
	GlobalSection(ProjectConfigurationPlatforms) = postSolution
		{4E9F7272-33F7-465C-8BD9-87F801222C9E}.Debug|Any CPU.ActiveCfg = Debug|Any CPU
		{4E9F7272-33F7-465C-8BD9-87F801222C9E}.Debug|Any CPU.Build.0 = Debug|Any CPU
		{4E9F7272-33F7-465C-8BD9-87F801222C9E}.Debug|x64.ActiveCfg = Debug|Any CPU
		{4E9F7272-33F7-465C-8BD9-87F801222C9E}.Debug|x86.ActiveCfg = Debug|Any CPU
		{4E9F7272-33F7-465C-8BD9-87F801222C9E}.Release|Any CPU.ActiveCfg = Release|Any CPU
		{4E9F7272-33F7-465C-8BD9-87F801222C9E}.Release|Any CPU.Build.0 = Release|Any CPU
		{4E9F7272-33F7-465C-8BD9-87F801222C9E}.Release|x64.ActiveCfg = Release|Any CPU
		{4E9F7272-33F7-465C-8BD9-87F801222C9E}.Release|x86.ActiveCfg = Release|Any CPU
		{88E594CB-F803-4291-A037-40B81549189B}.Debug|Any CPU.ActiveCfg = Debug|Any CPU
		{88E594CB-F803-4291-A037-40B81549189B}.Debug|Any CPU.Build.0 = Debug|Any CPU
		{88E594CB-F803-4291-A037-40B81549189B}.Debug|x64.ActiveCfg = Debug|Any CPU
		{88E594CB-F803-4291-A037-40B81549189B}.Debug|x86.ActiveCfg = Debug|Any CPU
		{88E594CB-F803-4291-A037-40B81549189B}.Release|Any CPU.ActiveCfg = Release|Any CPU
		{88E594CB-F803-4291-A037-40B81549189B}.Release|Any CPU.Build.0 = Release|Any CPU
		{88E594CB-F803-4291-A037-40B81549189B}.Release|x64.ActiveCfg = Release|Any CPU
		{88E594CB-F803-4291-A037-40B81549189B}.Release|x86.ActiveCfg = Release|Any CPU
		{B51E9365-B0D7-4315-81F1-DCB49AC1731B}.Debug|Any CPU.ActiveCfg = Debug|Any CPU
		{B51E9365-B0D7-4315-81F1-DCB49AC1731B}.Debug|Any CPU.Build.0 = Debug|Any CPU
		{B51E9365-B0D7-4315-81F1-DCB49AC1731B}.Debug|x64.ActiveCfg = Debug|Any CPU
		{B51E9365-B0D7-4315-81F1-DCB49AC1731B}.Debug|x86.ActiveCfg = Debug|Any CPU
		{B51E9365-B0D7-4315-81F1-DCB49AC1731B}.Release|Any CPU.ActiveCfg = Release|Any CPU
		{B51E9365-B0D7-4315-81F1-DCB49AC1731B}.Release|Any CPU.Build.0 = Release|Any CPU
		{B51E9365-B0D7-4315-81F1-DCB49AC1731B}.Release|x64.ActiveCfg = Release|Any CPU
		{B51E9365-B0D7-4315-81F1-DCB49AC1731B}.Release|x86.ActiveCfg = Release|Any CPU
		{4E4AD909-A179-4405-BF29-142F42615B79}.Debug|Any CPU.ActiveCfg = Debug|Any CPU
		{4E4AD909-A179-4405-BF29-142F42615B79}.Debug|Any CPU.Build.0 = Debug|Any CPU
		{4E4AD909-A179-4405-BF29-142F42615B79}.Debug|x64.ActiveCfg = Debug|Any CPU
		{4E4AD909-A179-4405-BF29-142F42615B79}.Debug|x86.ActiveCfg = Debug|Any CPU
		{4E4AD909-A179-4405-BF29-142F42615B79}.Release|Any CPU.ActiveCfg = Release|Any CPU
		{4E4AD909-A179-4405-BF29-142F42615B79}.Release|Any CPU.Build.0 = Release|Any CPU
		{4E4AD909-A179-4405-BF29-142F42615B79}.Release|x64.ActiveCfg = Release|Any CPU
		{4E4AD909-A179-4405-BF29-142F42615B79}.Release|x86.ActiveCfg = Release|Any CPU
		{035C1E93-5DE6-4222-B482-A5819B31E8F4}.Debug|Any CPU.ActiveCfg = Debug|Any CPU
		{035C1E93-5DE6-4222-B482-A5819B31E8F4}.Debug|Any CPU.Build.0 = Debug|Any CPU
		{035C1E93-5DE6-4222-B482-A5819B31E8F4}.Debug|x64.ActiveCfg = Debug|Any CPU
		{035C1E93-5DE6-4222-B482-A5819B31E8F4}.Debug|x86.ActiveCfg = Debug|Any CPU
		{035C1E93-5DE6-4222-B482-A5819B31E8F4}.Release|Any CPU.ActiveCfg = Release|Any CPU
		{035C1E93-5DE6-4222-B482-A5819B31E8F4}.Release|Any CPU.Build.0 = Release|Any CPU
		{035C1E93-5DE6-4222-B482-A5819B31E8F4}.Release|x64.ActiveCfg = Release|Any CPU
		{035C1E93-5DE6-4222-B482-A5819B31E8F4}.Release|x86.ActiveCfg = Release|Any CPU
		{701772AD-6AAD-48F8-A098-7C01F9F4BF9B}.Debug|Any CPU.ActiveCfg = Debug|Any CPU
		{701772AD-6AAD-48F8-A098-7C01F9F4BF9B}.Debug|Any CPU.Build.0 = Debug|Any CPU
		{701772AD-6AAD-48F8-A098-7C01F9F4BF9B}.Debug|x64.ActiveCfg = Debug|Any CPU
		{701772AD-6AAD-48F8-A098-7C01F9F4BF9B}.Debug|x86.ActiveCfg = Debug|Any CPU
		{701772AD-6AAD-48F8-A098-7C01F9F4BF9B}.Release|Any CPU.ActiveCfg = Release|Any CPU
		{701772AD-6AAD-48F8-A098-7C01F9F4BF9B}.Release|Any CPU.Build.0 = Release|Any CPU
		{701772AD-6AAD-48F8-A098-7C01F9F4BF9B}.Release|x64.ActiveCfg = Release|Any CPU
		{701772AD-6AAD-48F8-A098-7C01F9F4BF9B}.Release|x86.ActiveCfg = Release|Any CPU
		{5B1B5F3D-B7CC-48F4-BCBB-B99E340958F4}.Debug|Any CPU.ActiveCfg = Debug|Any CPU
		{5B1B5F3D-B7CC-48F4-BCBB-B99E340958F4}.Debug|Any CPU.Build.0 = Debug|Any CPU
		{5B1B5F3D-B7CC-48F4-BCBB-B99E340958F4}.Debug|x64.ActiveCfg = Debug|Any CPU
		{5B1B5F3D-B7CC-48F4-BCBB-B99E340958F4}.Debug|x86.ActiveCfg = Debug|x86
		{5B1B5F3D-B7CC-48F4-BCBB-B99E340958F4}.Debug|x86.Build.0 = Debug|x86
		{5B1B5F3D-B7CC-48F4-BCBB-B99E340958F4}.Release|Any CPU.ActiveCfg = Release|Any CPU
		{5B1B5F3D-B7CC-48F4-BCBB-B99E340958F4}.Release|Any CPU.Build.0 = Release|Any CPU
		{5B1B5F3D-B7CC-48F4-BCBB-B99E340958F4}.Release|x64.ActiveCfg = Release|Any CPU
		{5B1B5F3D-B7CC-48F4-BCBB-B99E340958F4}.Release|x86.ActiveCfg = Release|x86
		{5B1B5F3D-B7CC-48F4-BCBB-B99E340958F4}.Release|x86.Build.0 = Release|x86
		{C470179E-2B87-48A0-8731-3429EBE836C6}.Debug|Any CPU.ActiveCfg = Debug|Any CPU
		{C470179E-2B87-48A0-8731-3429EBE836C6}.Debug|Any CPU.Build.0 = Debug|Any CPU
		{C470179E-2B87-48A0-8731-3429EBE836C6}.Debug|x64.ActiveCfg = Debug|Any CPU
		{C470179E-2B87-48A0-8731-3429EBE836C6}.Debug|x86.ActiveCfg = Debug|x86
		{C470179E-2B87-48A0-8731-3429EBE836C6}.Debug|x86.Build.0 = Debug|x86
		{C470179E-2B87-48A0-8731-3429EBE836C6}.Release|Any CPU.ActiveCfg = Release|Any CPU
		{C470179E-2B87-48A0-8731-3429EBE836C6}.Release|Any CPU.Build.0 = Release|Any CPU
		{C470179E-2B87-48A0-8731-3429EBE836C6}.Release|x64.ActiveCfg = Release|Any CPU
		{C470179E-2B87-48A0-8731-3429EBE836C6}.Release|x86.ActiveCfg = Release|x86
		{C470179E-2B87-48A0-8731-3429EBE836C6}.Release|x86.Build.0 = Release|x86
		{474B2AEA-6880-46F0-AD9A-FCEBE5B7DC9A}.Debug|Any CPU.ActiveCfg = Debug|Any CPU
		{474B2AEA-6880-46F0-AD9A-FCEBE5B7DC9A}.Debug|Any CPU.Build.0 = Debug|Any CPU
		{474B2AEA-6880-46F0-AD9A-FCEBE5B7DC9A}.Debug|x64.ActiveCfg = Debug|Any CPU
		{474B2AEA-6880-46F0-AD9A-FCEBE5B7DC9A}.Debug|x86.ActiveCfg = Debug|Any CPU
		{474B2AEA-6880-46F0-AD9A-FCEBE5B7DC9A}.Release|Any CPU.ActiveCfg = Release|Any CPU
		{474B2AEA-6880-46F0-AD9A-FCEBE5B7DC9A}.Release|Any CPU.Build.0 = Release|Any CPU
		{474B2AEA-6880-46F0-AD9A-FCEBE5B7DC9A}.Release|x64.ActiveCfg = Release|Any CPU
		{474B2AEA-6880-46F0-AD9A-FCEBE5B7DC9A}.Release|x86.ActiveCfg = Release|Any CPU
		{FA3B1C8A-CB38-4E20-AD56-6DB77677504C}.Debug|Any CPU.ActiveCfg = Debug|Any CPU
		{FA3B1C8A-CB38-4E20-AD56-6DB77677504C}.Debug|Any CPU.Build.0 = Debug|Any CPU
		{FA3B1C8A-CB38-4E20-AD56-6DB77677504C}.Debug|x64.ActiveCfg = Debug|Any CPU
		{FA3B1C8A-CB38-4E20-AD56-6DB77677504C}.Debug|x86.ActiveCfg = Debug|Any CPU
		{FA3B1C8A-CB38-4E20-AD56-6DB77677504C}.Release|Any CPU.ActiveCfg = Release|Any CPU
		{FA3B1C8A-CB38-4E20-AD56-6DB77677504C}.Release|Any CPU.Build.0 = Release|Any CPU
		{FA3B1C8A-CB38-4E20-AD56-6DB77677504C}.Release|x64.ActiveCfg = Release|Any CPU
		{FA3B1C8A-CB38-4E20-AD56-6DB77677504C}.Release|x86.ActiveCfg = Release|Any CPU
		{040A105E-8FC4-444E-BD61-A7F74413EB73}.Debug|Any CPU.ActiveCfg = Debug|Any CPU
		{040A105E-8FC4-444E-BD61-A7F74413EB73}.Debug|Any CPU.Build.0 = Debug|Any CPU
		{040A105E-8FC4-444E-BD61-A7F74413EB73}.Debug|x64.ActiveCfg = Debug|Any CPU
		{040A105E-8FC4-444E-BD61-A7F74413EB73}.Debug|x86.ActiveCfg = Debug|Any CPU
		{040A105E-8FC4-444E-BD61-A7F74413EB73}.Release|Any CPU.ActiveCfg = Release|Any CPU
		{040A105E-8FC4-444E-BD61-A7F74413EB73}.Release|Any CPU.Build.0 = Release|Any CPU
		{040A105E-8FC4-444E-BD61-A7F74413EB73}.Release|x64.ActiveCfg = Release|Any CPU
		{040A105E-8FC4-444E-BD61-A7F74413EB73}.Release|x86.ActiveCfg = Release|Any CPU
		{B5166E39-2EE3-4941-94A2-D1F24E0F66A7}.Debug|Any CPU.ActiveCfg = Debug|Any CPU
		{B5166E39-2EE3-4941-94A2-D1F24E0F66A7}.Debug|Any CPU.Build.0 = Debug|Any CPU
		{B5166E39-2EE3-4941-94A2-D1F24E0F66A7}.Debug|x64.ActiveCfg = Debug|Any CPU
		{B5166E39-2EE3-4941-94A2-D1F24E0F66A7}.Debug|x86.ActiveCfg = Debug|Any CPU
		{B5166E39-2EE3-4941-94A2-D1F24E0F66A7}.Release|Any CPU.ActiveCfg = Release|Any CPU
		{B5166E39-2EE3-4941-94A2-D1F24E0F66A7}.Release|Any CPU.Build.0 = Release|Any CPU
		{B5166E39-2EE3-4941-94A2-D1F24E0F66A7}.Release|x64.ActiveCfg = Release|Any CPU
		{B5166E39-2EE3-4941-94A2-D1F24E0F66A7}.Release|x86.ActiveCfg = Release|Any CPU
		{2B7EF8C3-258A-49FE-843C-53DA8A296ADF}.Debug|Any CPU.ActiveCfg = Debug|Any CPU
		{2B7EF8C3-258A-49FE-843C-53DA8A296ADF}.Debug|Any CPU.Build.0 = Debug|Any CPU
		{2B7EF8C3-258A-49FE-843C-53DA8A296ADF}.Debug|x64.ActiveCfg = Debug|Any CPU
		{2B7EF8C3-258A-49FE-843C-53DA8A296ADF}.Debug|x86.ActiveCfg = Debug|Any CPU
		{2B7EF8C3-258A-49FE-843C-53DA8A296ADF}.Release|Any CPU.ActiveCfg = Release|Any CPU
		{2B7EF8C3-258A-49FE-843C-53DA8A296ADF}.Release|Any CPU.Build.0 = Release|Any CPU
		{2B7EF8C3-258A-49FE-843C-53DA8A296ADF}.Release|x64.ActiveCfg = Release|Any CPU
		{2B7EF8C3-258A-49FE-843C-53DA8A296ADF}.Release|x86.ActiveCfg = Release|Any CPU
		{162EF58E-1C2E-4654-AE16-F7B02E379710}.Debug|Any CPU.ActiveCfg = Debug|Any CPU
		{162EF58E-1C2E-4654-AE16-F7B02E379710}.Debug|Any CPU.Build.0 = Debug|Any CPU
		{162EF58E-1C2E-4654-AE16-F7B02E379710}.Debug|x64.ActiveCfg = Debug|Any CPU
		{162EF58E-1C2E-4654-AE16-F7B02E379710}.Debug|x86.ActiveCfg = Debug|Any CPU
		{162EF58E-1C2E-4654-AE16-F7B02E379710}.Release|Any CPU.ActiveCfg = Release|Any CPU
		{162EF58E-1C2E-4654-AE16-F7B02E379710}.Release|Any CPU.Build.0 = Release|Any CPU
		{162EF58E-1C2E-4654-AE16-F7B02E379710}.Release|x64.ActiveCfg = Release|Any CPU
		{162EF58E-1C2E-4654-AE16-F7B02E379710}.Release|x86.ActiveCfg = Release|Any CPU
		{74C3DD8A-83F9-4BA5-BB5A-5D6FBE7DF7D3}.Debug|Any CPU.ActiveCfg = Debug|Any CPU
		{74C3DD8A-83F9-4BA5-BB5A-5D6FBE7DF7D3}.Debug|Any CPU.Build.0 = Debug|Any CPU
		{74C3DD8A-83F9-4BA5-BB5A-5D6FBE7DF7D3}.Debug|x64.ActiveCfg = Debug|Any CPU
		{74C3DD8A-83F9-4BA5-BB5A-5D6FBE7DF7D3}.Debug|x86.ActiveCfg = Debug|Any CPU
		{74C3DD8A-83F9-4BA5-BB5A-5D6FBE7DF7D3}.Release|Any CPU.ActiveCfg = Release|Any CPU
		{74C3DD8A-83F9-4BA5-BB5A-5D6FBE7DF7D3}.Release|Any CPU.Build.0 = Release|Any CPU
		{74C3DD8A-83F9-4BA5-BB5A-5D6FBE7DF7D3}.Release|x64.ActiveCfg = Release|Any CPU
		{74C3DD8A-83F9-4BA5-BB5A-5D6FBE7DF7D3}.Release|x86.ActiveCfg = Release|Any CPU
		{C97A4CD9-5554-43E7-BC21-7D3083873DE0}.Debug|Any CPU.ActiveCfg = Debug|Any CPU
		{C97A4CD9-5554-43E7-BC21-7D3083873DE0}.Debug|Any CPU.Build.0 = Debug|Any CPU
		{C97A4CD9-5554-43E7-BC21-7D3083873DE0}.Debug|x64.ActiveCfg = Debug|Any CPU
		{C97A4CD9-5554-43E7-BC21-7D3083873DE0}.Debug|x86.ActiveCfg = Debug|Any CPU
		{C97A4CD9-5554-43E7-BC21-7D3083873DE0}.Release|Any CPU.ActiveCfg = Release|Any CPU
		{C97A4CD9-5554-43E7-BC21-7D3083873DE0}.Release|Any CPU.Build.0 = Release|Any CPU
		{C97A4CD9-5554-43E7-BC21-7D3083873DE0}.Release|x64.ActiveCfg = Release|Any CPU
		{C97A4CD9-5554-43E7-BC21-7D3083873DE0}.Release|x86.ActiveCfg = Release|Any CPU
		{129A0967-720E-4827-9313-2CF46F1678A4}.Debug|Any CPU.ActiveCfg = Debug|Any CPU
		{129A0967-720E-4827-9313-2CF46F1678A4}.Debug|Any CPU.Build.0 = Debug|Any CPU
		{129A0967-720E-4827-9313-2CF46F1678A4}.Debug|x64.ActiveCfg = Debug|Any CPU
		{129A0967-720E-4827-9313-2CF46F1678A4}.Debug|x86.ActiveCfg = Debug|x86
		{129A0967-720E-4827-9313-2CF46F1678A4}.Debug|x86.Build.0 = Debug|x86
		{129A0967-720E-4827-9313-2CF46F1678A4}.Release|Any CPU.ActiveCfg = Release|Any CPU
		{129A0967-720E-4827-9313-2CF46F1678A4}.Release|Any CPU.Build.0 = Release|Any CPU
		{129A0967-720E-4827-9313-2CF46F1678A4}.Release|x64.ActiveCfg = Release|Any CPU
		{129A0967-720E-4827-9313-2CF46F1678A4}.Release|x86.ActiveCfg = Release|x86
		{129A0967-720E-4827-9313-2CF46F1678A4}.Release|x86.Build.0 = Release|x86
		{E5C18EA9-C70B-45E1-8395-BCD2FB1EBC59}.Debug|Any CPU.ActiveCfg = Debug|Any CPU
		{E5C18EA9-C70B-45E1-8395-BCD2FB1EBC59}.Debug|Any CPU.Build.0 = Debug|Any CPU
		{E5C18EA9-C70B-45E1-8395-BCD2FB1EBC59}.Debug|x64.ActiveCfg = Debug|Any CPU
		{E5C18EA9-C70B-45E1-8395-BCD2FB1EBC59}.Debug|x86.ActiveCfg = Debug|Any CPU
		{E5C18EA9-C70B-45E1-8395-BCD2FB1EBC59}.Release|Any CPU.ActiveCfg = Release|Any CPU
		{E5C18EA9-C70B-45E1-8395-BCD2FB1EBC59}.Release|Any CPU.Build.0 = Release|Any CPU
		{E5C18EA9-C70B-45E1-8395-BCD2FB1EBC59}.Release|x64.ActiveCfg = Release|Any CPU
		{E5C18EA9-C70B-45E1-8395-BCD2FB1EBC59}.Release|x86.ActiveCfg = Release|Any CPU
		{3B7D44FB-7D26-4033-B1D6-F726627D2B94}.Debug|Any CPU.ActiveCfg = Debug|Any CPU
		{3B7D44FB-7D26-4033-B1D6-F726627D2B94}.Debug|Any CPU.Build.0 = Debug|Any CPU
		{3B7D44FB-7D26-4033-B1D6-F726627D2B94}.Debug|x64.ActiveCfg = Debug|Any CPU
		{3B7D44FB-7D26-4033-B1D6-F726627D2B94}.Debug|x86.ActiveCfg = Debug|Any CPU
		{3B7D44FB-7D26-4033-B1D6-F726627D2B94}.Release|Any CPU.ActiveCfg = Release|Any CPU
		{3B7D44FB-7D26-4033-B1D6-F726627D2B94}.Release|Any CPU.Build.0 = Release|Any CPU
		{3B7D44FB-7D26-4033-B1D6-F726627D2B94}.Release|x64.ActiveCfg = Release|Any CPU
		{3B7D44FB-7D26-4033-B1D6-F726627D2B94}.Release|x86.ActiveCfg = Release|Any CPU
		{9E05408D-02B8-4C2F-9D45-84E7C143A269}.Debug|Any CPU.ActiveCfg = Debug|Any CPU
		{9E05408D-02B8-4C2F-9D45-84E7C143A269}.Debug|Any CPU.Build.0 = Debug|Any CPU
		{9E05408D-02B8-4C2F-9D45-84E7C143A269}.Debug|x64.ActiveCfg = Debug|Any CPU
		{9E05408D-02B8-4C2F-9D45-84E7C143A269}.Debug|x86.ActiveCfg = Debug|x86
		{9E05408D-02B8-4C2F-9D45-84E7C143A269}.Debug|x86.Build.0 = Debug|x86
		{9E05408D-02B8-4C2F-9D45-84E7C143A269}.Release|Any CPU.ActiveCfg = Release|Any CPU
		{9E05408D-02B8-4C2F-9D45-84E7C143A269}.Release|Any CPU.Build.0 = Release|Any CPU
		{9E05408D-02B8-4C2F-9D45-84E7C143A269}.Release|x64.ActiveCfg = Release|Any CPU
		{9E05408D-02B8-4C2F-9D45-84E7C143A269}.Release|x86.ActiveCfg = Release|x86
		{9E05408D-02B8-4C2F-9D45-84E7C143A269}.Release|x86.Build.0 = Release|x86
		{C9E81BE5-14CC-4B79-AE61-39D505F82F3B}.Debug|Any CPU.ActiveCfg = Debug|Any CPU
		{C9E81BE5-14CC-4B79-AE61-39D505F82F3B}.Debug|Any CPU.Build.0 = Debug|Any CPU
		{C9E81BE5-14CC-4B79-AE61-39D505F82F3B}.Debug|x64.ActiveCfg = Debug|Any CPU
		{C9E81BE5-14CC-4B79-AE61-39D505F82F3B}.Debug|x86.ActiveCfg = Debug|Any CPU
		{C9E81BE5-14CC-4B79-AE61-39D505F82F3B}.Release|Any CPU.ActiveCfg = Release|Any CPU
		{C9E81BE5-14CC-4B79-AE61-39D505F82F3B}.Release|Any CPU.Build.0 = Release|Any CPU
		{C9E81BE5-14CC-4B79-AE61-39D505F82F3B}.Release|x64.ActiveCfg = Release|Any CPU
		{C9E81BE5-14CC-4B79-AE61-39D505F82F3B}.Release|x86.ActiveCfg = Release|Any CPU
		{51424FCE-1D91-4C1B-9A37-57BD810E9CC6}.Debug|Any CPU.ActiveCfg = Debug|Any CPU
		{51424FCE-1D91-4C1B-9A37-57BD810E9CC6}.Debug|Any CPU.Build.0 = Debug|Any CPU
		{51424FCE-1D91-4C1B-9A37-57BD810E9CC6}.Debug|x64.ActiveCfg = Debug|Any CPU
		{51424FCE-1D91-4C1B-9A37-57BD810E9CC6}.Debug|x86.ActiveCfg = Debug|Any CPU
		{51424FCE-1D91-4C1B-9A37-57BD810E9CC6}.Release|Any CPU.ActiveCfg = Release|Any CPU
		{51424FCE-1D91-4C1B-9A37-57BD810E9CC6}.Release|Any CPU.Build.0 = Release|Any CPU
		{51424FCE-1D91-4C1B-9A37-57BD810E9CC6}.Release|x64.ActiveCfg = Release|Any CPU
		{51424FCE-1D91-4C1B-9A37-57BD810E9CC6}.Release|x86.ActiveCfg = Release|Any CPU
		{2A4A3F60-DD36-4BDA-B632-061C38AF958C}.Debug|Any CPU.ActiveCfg = Debug|Any CPU
		{2A4A3F60-DD36-4BDA-B632-061C38AF958C}.Debug|Any CPU.Build.0 = Debug|Any CPU
		{2A4A3F60-DD36-4BDA-B632-061C38AF958C}.Debug|x64.ActiveCfg = Debug|Any CPU
		{2A4A3F60-DD36-4BDA-B632-061C38AF958C}.Debug|x86.ActiveCfg = Debug|x86
		{2A4A3F60-DD36-4BDA-B632-061C38AF958C}.Debug|x86.Build.0 = Debug|x86
		{2A4A3F60-DD36-4BDA-B632-061C38AF958C}.Release|Any CPU.ActiveCfg = Release|Any CPU
		{2A4A3F60-DD36-4BDA-B632-061C38AF958C}.Release|Any CPU.Build.0 = Release|Any CPU
		{2A4A3F60-DD36-4BDA-B632-061C38AF958C}.Release|x64.ActiveCfg = Release|Any CPU
		{2A4A3F60-DD36-4BDA-B632-061C38AF958C}.Release|x86.ActiveCfg = Release|x86
		{2A4A3F60-DD36-4BDA-B632-061C38AF958C}.Release|x86.Build.0 = Release|x86
		{E85829F0-FE43-442A-8ED8-6308B26E7DA6}.Debug|Any CPU.ActiveCfg = Debug|Any CPU
		{E85829F0-FE43-442A-8ED8-6308B26E7DA6}.Debug|Any CPU.Build.0 = Debug|Any CPU
		{E85829F0-FE43-442A-8ED8-6308B26E7DA6}.Debug|x64.ActiveCfg = Debug|Any CPU
		{E85829F0-FE43-442A-8ED8-6308B26E7DA6}.Debug|x86.ActiveCfg = Debug|Any CPU
		{E85829F0-FE43-442A-8ED8-6308B26E7DA6}.Release|Any CPU.ActiveCfg = Release|Any CPU
		{E85829F0-FE43-442A-8ED8-6308B26E7DA6}.Release|Any CPU.Build.0 = Release|Any CPU
		{E85829F0-FE43-442A-8ED8-6308B26E7DA6}.Release|x64.ActiveCfg = Release|Any CPU
		{E85829F0-FE43-442A-8ED8-6308B26E7DA6}.Release|x86.ActiveCfg = Release|Any CPU
		{A0EB8DD9-FBAF-4FE8-8FE1-39D0D2C33184}.Debug|Any CPU.ActiveCfg = Debug|Any CPU
		{A0EB8DD9-FBAF-4FE8-8FE1-39D0D2C33184}.Debug|Any CPU.Build.0 = Debug|Any CPU
		{A0EB8DD9-FBAF-4FE8-8FE1-39D0D2C33184}.Debug|x64.ActiveCfg = Debug|Any CPU
		{A0EB8DD9-FBAF-4FE8-8FE1-39D0D2C33184}.Debug|x86.ActiveCfg = Debug|Any CPU
		{A0EB8DD9-FBAF-4FE8-8FE1-39D0D2C33184}.Release|Any CPU.ActiveCfg = Release|Any CPU
		{A0EB8DD9-FBAF-4FE8-8FE1-39D0D2C33184}.Release|Any CPU.Build.0 = Release|Any CPU
		{A0EB8DD9-FBAF-4FE8-8FE1-39D0D2C33184}.Release|x64.ActiveCfg = Release|Any CPU
		{A0EB8DD9-FBAF-4FE8-8FE1-39D0D2C33184}.Release|x86.ActiveCfg = Release|Any CPU
		{3A6E2A44-E3D5-4FC4-A644-8EB4E57B7B78}.Debug|Any CPU.ActiveCfg = Debug|Any CPU
		{3A6E2A44-E3D5-4FC4-A644-8EB4E57B7B78}.Debug|Any CPU.Build.0 = Debug|Any CPU
		{3A6E2A44-E3D5-4FC4-A644-8EB4E57B7B78}.Debug|x64.ActiveCfg = Debug|Any CPU
		{3A6E2A44-E3D5-4FC4-A644-8EB4E57B7B78}.Debug|x86.ActiveCfg = Debug|x86
		{3A6E2A44-E3D5-4FC4-A644-8EB4E57B7B78}.Debug|x86.Build.0 = Debug|x86
		{3A6E2A44-E3D5-4FC4-A644-8EB4E57B7B78}.Release|Any CPU.ActiveCfg = Release|Any CPU
		{3A6E2A44-E3D5-4FC4-A644-8EB4E57B7B78}.Release|Any CPU.Build.0 = Release|Any CPU
		{3A6E2A44-E3D5-4FC4-A644-8EB4E57B7B78}.Release|x64.ActiveCfg = Release|Any CPU
		{3A6E2A44-E3D5-4FC4-A644-8EB4E57B7B78}.Release|x86.ActiveCfg = Release|x86
		{3A6E2A44-E3D5-4FC4-A644-8EB4E57B7B78}.Release|x86.Build.0 = Release|x86
		{DF8658DB-3A48-4A51-A809-E52AB92F6360}.Debug|Any CPU.ActiveCfg = Debug|Any CPU
		{DF8658DB-3A48-4A51-A809-E52AB92F6360}.Debug|Any CPU.Build.0 = Debug|Any CPU
		{DF8658DB-3A48-4A51-A809-E52AB92F6360}.Debug|x64.ActiveCfg = Debug|Any CPU
		{DF8658DB-3A48-4A51-A809-E52AB92F6360}.Debug|x86.ActiveCfg = Debug|x86
		{DF8658DB-3A48-4A51-A809-E52AB92F6360}.Debug|x86.Build.0 = Debug|x86
		{DF8658DB-3A48-4A51-A809-E52AB92F6360}.Release|Any CPU.ActiveCfg = Release|Any CPU
		{DF8658DB-3A48-4A51-A809-E52AB92F6360}.Release|Any CPU.Build.0 = Release|Any CPU
		{DF8658DB-3A48-4A51-A809-E52AB92F6360}.Release|x64.ActiveCfg = Release|Any CPU
		{DF8658DB-3A48-4A51-A809-E52AB92F6360}.Release|x86.ActiveCfg = Release|x86
		{DF8658DB-3A48-4A51-A809-E52AB92F6360}.Release|x86.Build.0 = Release|x86
		{E3CEED5B-7C76-4B74-A5FB-B4FF9DC8A6FD}.Debug|Any CPU.ActiveCfg = Debug|Any CPU
		{E3CEED5B-7C76-4B74-A5FB-B4FF9DC8A6FD}.Debug|Any CPU.Build.0 = Debug|Any CPU
		{E3CEED5B-7C76-4B74-A5FB-B4FF9DC8A6FD}.Debug|x64.ActiveCfg = Debug|Any CPU
		{E3CEED5B-7C76-4B74-A5FB-B4FF9DC8A6FD}.Debug|x86.ActiveCfg = Debug|x86
		{E3CEED5B-7C76-4B74-A5FB-B4FF9DC8A6FD}.Debug|x86.Build.0 = Debug|x86
		{E3CEED5B-7C76-4B74-A5FB-B4FF9DC8A6FD}.Release|Any CPU.ActiveCfg = Release|Any CPU
		{E3CEED5B-7C76-4B74-A5FB-B4FF9DC8A6FD}.Release|Any CPU.Build.0 = Release|Any CPU
		{E3CEED5B-7C76-4B74-A5FB-B4FF9DC8A6FD}.Release|x64.ActiveCfg = Release|Any CPU
		{E3CEED5B-7C76-4B74-A5FB-B4FF9DC8A6FD}.Release|x86.ActiveCfg = Release|x86
		{E3CEED5B-7C76-4B74-A5FB-B4FF9DC8A6FD}.Release|x86.Build.0 = Release|x86
		{14C16E44-D99B-4AE7-85AF-90E49CB211B2}.Debug|Any CPU.ActiveCfg = Debug|Any CPU
		{14C16E44-D99B-4AE7-85AF-90E49CB211B2}.Debug|Any CPU.Build.0 = Debug|Any CPU
		{14C16E44-D99B-4AE7-85AF-90E49CB211B2}.Debug|x64.ActiveCfg = Debug|Any CPU
		{14C16E44-D99B-4AE7-85AF-90E49CB211B2}.Debug|x86.ActiveCfg = Debug|x86
		{14C16E44-D99B-4AE7-85AF-90E49CB211B2}.Debug|x86.Build.0 = Debug|x86
		{14C16E44-D99B-4AE7-85AF-90E49CB211B2}.Release|Any CPU.ActiveCfg = Release|Any CPU
		{14C16E44-D99B-4AE7-85AF-90E49CB211B2}.Release|Any CPU.Build.0 = Release|Any CPU
		{14C16E44-D99B-4AE7-85AF-90E49CB211B2}.Release|x64.ActiveCfg = Release|Any CPU
		{14C16E44-D99B-4AE7-85AF-90E49CB211B2}.Release|x86.ActiveCfg = Release|x86
		{14C16E44-D99B-4AE7-85AF-90E49CB211B2}.Release|x86.Build.0 = Release|x86
		{2F263D1E-DDC3-4762-A5D3-F52E0CE1DE65}.Debug|Any CPU.ActiveCfg = Debug|Any CPU
		{2F263D1E-DDC3-4762-A5D3-F52E0CE1DE65}.Debug|Any CPU.Build.0 = Debug|Any CPU
		{2F263D1E-DDC3-4762-A5D3-F52E0CE1DE65}.Debug|x64.ActiveCfg = Debug|Any CPU
		{2F263D1E-DDC3-4762-A5D3-F52E0CE1DE65}.Debug|x86.ActiveCfg = Debug|Any CPU
		{2F263D1E-DDC3-4762-A5D3-F52E0CE1DE65}.Release|Any CPU.ActiveCfg = Release|Any CPU
		{2F263D1E-DDC3-4762-A5D3-F52E0CE1DE65}.Release|Any CPU.Build.0 = Release|Any CPU
		{2F263D1E-DDC3-4762-A5D3-F52E0CE1DE65}.Release|x64.ActiveCfg = Release|Any CPU
		{2F263D1E-DDC3-4762-A5D3-F52E0CE1DE65}.Release|x86.ActiveCfg = Release|Any CPU
		{C3B68A83-CDD1-4605-ABE2-A5C8F1B6B845}.Debug|Any CPU.ActiveCfg = Debug|Any CPU
		{C3B68A83-CDD1-4605-ABE2-A5C8F1B6B845}.Debug|Any CPU.Build.0 = Debug|Any CPU
		{C3B68A83-CDD1-4605-ABE2-A5C8F1B6B845}.Debug|x64.ActiveCfg = Debug|Any CPU
		{C3B68A83-CDD1-4605-ABE2-A5C8F1B6B845}.Debug|x86.ActiveCfg = Debug|Any CPU
		{C3B68A83-CDD1-4605-ABE2-A5C8F1B6B845}.Release|Any CPU.ActiveCfg = Release|Any CPU
		{C3B68A83-CDD1-4605-ABE2-A5C8F1B6B845}.Release|Any CPU.Build.0 = Release|Any CPU
		{C3B68A83-CDD1-4605-ABE2-A5C8F1B6B845}.Release|x64.ActiveCfg = Release|Any CPU
		{C3B68A83-CDD1-4605-ABE2-A5C8F1B6B845}.Release|x86.ActiveCfg = Release|Any CPU
		{86212736-E850-4F47-94D6-7ED88AF95920}.Debug|Any CPU.ActiveCfg = Debug|Any CPU
		{86212736-E850-4F47-94D6-7ED88AF95920}.Debug|Any CPU.Build.0 = Debug|Any CPU
		{86212736-E850-4F47-94D6-7ED88AF95920}.Debug|x64.ActiveCfg = Debug|Any CPU
		{86212736-E850-4F47-94D6-7ED88AF95920}.Debug|x86.ActiveCfg = Debug|Any CPU
		{86212736-E850-4F47-94D6-7ED88AF95920}.Release|Any CPU.ActiveCfg = Release|Any CPU
		{86212736-E850-4F47-94D6-7ED88AF95920}.Release|Any CPU.Build.0 = Release|Any CPU
		{86212736-E850-4F47-94D6-7ED88AF95920}.Release|x64.ActiveCfg = Release|Any CPU
		{86212736-E850-4F47-94D6-7ED88AF95920}.Release|x86.ActiveCfg = Release|Any CPU
		{34DC02DA-7AA8-4CEE-85E1-54A8BA542942}.Debug|Any CPU.ActiveCfg = Debug|Any CPU
		{34DC02DA-7AA8-4CEE-85E1-54A8BA542942}.Debug|Any CPU.Build.0 = Debug|Any CPU
		{34DC02DA-7AA8-4CEE-85E1-54A8BA542942}.Debug|x64.ActiveCfg = Debug|Any CPU
		{34DC02DA-7AA8-4CEE-85E1-54A8BA542942}.Debug|x86.ActiveCfg = Debug|x86
		{34DC02DA-7AA8-4CEE-85E1-54A8BA542942}.Debug|x86.Build.0 = Debug|x86
		{34DC02DA-7AA8-4CEE-85E1-54A8BA542942}.Release|Any CPU.ActiveCfg = Release|Any CPU
		{34DC02DA-7AA8-4CEE-85E1-54A8BA542942}.Release|Any CPU.Build.0 = Release|Any CPU
		{34DC02DA-7AA8-4CEE-85E1-54A8BA542942}.Release|x64.ActiveCfg = Release|Any CPU
		{34DC02DA-7AA8-4CEE-85E1-54A8BA542942}.Release|x86.ActiveCfg = Release|x86
		{34DC02DA-7AA8-4CEE-85E1-54A8BA542942}.Release|x86.Build.0 = Release|x86
		{B176C99F-9701-426D-8D43-9F02E1D7421C}.Debug|Any CPU.ActiveCfg = Debug|Any CPU
		{B176C99F-9701-426D-8D43-9F02E1D7421C}.Debug|Any CPU.Build.0 = Debug|Any CPU
		{B176C99F-9701-426D-8D43-9F02E1D7421C}.Debug|x64.ActiveCfg = Debug|Any CPU
		{B176C99F-9701-426D-8D43-9F02E1D7421C}.Debug|x86.ActiveCfg = Debug|Any CPU
		{B176C99F-9701-426D-8D43-9F02E1D7421C}.Release|Any CPU.ActiveCfg = Release|Any CPU
		{B176C99F-9701-426D-8D43-9F02E1D7421C}.Release|Any CPU.Build.0 = Release|Any CPU
		{B176C99F-9701-426D-8D43-9F02E1D7421C}.Release|x64.ActiveCfg = Release|Any CPU
		{B176C99F-9701-426D-8D43-9F02E1D7421C}.Release|x86.ActiveCfg = Release|Any CPU
		{D8FED8AC-59C9-4F1D-A964-8969C8777A5A}.Debug|Any CPU.ActiveCfg = Debug|Any CPU
		{D8FED8AC-59C9-4F1D-A964-8969C8777A5A}.Debug|Any CPU.Build.0 = Debug|Any CPU
		{D8FED8AC-59C9-4F1D-A964-8969C8777A5A}.Debug|x64.ActiveCfg = Debug|Any CPU
		{D8FED8AC-59C9-4F1D-A964-8969C8777A5A}.Debug|x86.ActiveCfg = Debug|Any CPU
		{D8FED8AC-59C9-4F1D-A964-8969C8777A5A}.Release|Any CPU.ActiveCfg = Release|Any CPU
		{D8FED8AC-59C9-4F1D-A964-8969C8777A5A}.Release|Any CPU.Build.0 = Release|Any CPU
		{D8FED8AC-59C9-4F1D-A964-8969C8777A5A}.Release|x64.ActiveCfg = Release|Any CPU
		{D8FED8AC-59C9-4F1D-A964-8969C8777A5A}.Release|x86.ActiveCfg = Release|Any CPU
		{C7D2F492-1A5C-4A48-AEFB-52805F159B61}.Debug|Any CPU.ActiveCfg = Debug|Any CPU
		{C7D2F492-1A5C-4A48-AEFB-52805F159B61}.Debug|Any CPU.Build.0 = Debug|Any CPU
		{C7D2F492-1A5C-4A48-AEFB-52805F159B61}.Debug|x64.ActiveCfg = Debug|Any CPU
		{C7D2F492-1A5C-4A48-AEFB-52805F159B61}.Debug|x86.ActiveCfg = Debug|Any CPU
		{C7D2F492-1A5C-4A48-AEFB-52805F159B61}.Release|Any CPU.ActiveCfg = Release|Any CPU
		{C7D2F492-1A5C-4A48-AEFB-52805F159B61}.Release|Any CPU.Build.0 = Release|Any CPU
		{C7D2F492-1A5C-4A48-AEFB-52805F159B61}.Release|x64.ActiveCfg = Release|Any CPU
		{C7D2F492-1A5C-4A48-AEFB-52805F159B61}.Release|x86.ActiveCfg = Release|Any CPU
		{87460FA5-1348-4BCE-AE87-F154AFDFA908}.Debug|Any CPU.ActiveCfg = Debug|Any CPU
		{87460FA5-1348-4BCE-AE87-F154AFDFA908}.Debug|Any CPU.Build.0 = Debug|Any CPU
		{87460FA5-1348-4BCE-AE87-F154AFDFA908}.Debug|x64.ActiveCfg = Debug|Any CPU
		{87460FA5-1348-4BCE-AE87-F154AFDFA908}.Debug|x86.ActiveCfg = Debug|Any CPU
		{87460FA5-1348-4BCE-AE87-F154AFDFA908}.Release|Any CPU.ActiveCfg = Release|Any CPU
		{87460FA5-1348-4BCE-AE87-F154AFDFA908}.Release|Any CPU.Build.0 = Release|Any CPU
		{87460FA5-1348-4BCE-AE87-F154AFDFA908}.Release|x64.ActiveCfg = Release|Any CPU
		{87460FA5-1348-4BCE-AE87-F154AFDFA908}.Release|x86.ActiveCfg = Release|Any CPU
		{804E05BC-37D2-40CF-ABE7-7D4B03EA9866}.Debug|Any CPU.ActiveCfg = Debug|Any CPU
		{804E05BC-37D2-40CF-ABE7-7D4B03EA9866}.Debug|Any CPU.Build.0 = Debug|Any CPU
		{804E05BC-37D2-40CF-ABE7-7D4B03EA9866}.Debug|x64.ActiveCfg = Debug|Any CPU
		{804E05BC-37D2-40CF-ABE7-7D4B03EA9866}.Debug|x86.ActiveCfg = Debug|Any CPU
		{804E05BC-37D2-40CF-ABE7-7D4B03EA9866}.Release|Any CPU.ActiveCfg = Release|Any CPU
		{804E05BC-37D2-40CF-ABE7-7D4B03EA9866}.Release|Any CPU.Build.0 = Release|Any CPU
		{804E05BC-37D2-40CF-ABE7-7D4B03EA9866}.Release|x64.ActiveCfg = Release|Any CPU
		{804E05BC-37D2-40CF-ABE7-7D4B03EA9866}.Release|x86.ActiveCfg = Release|Any CPU
		{1B2E71F5-394A-4339-8A44-F595B28AD892}.Debug|Any CPU.ActiveCfg = Debug|Any CPU
		{1B2E71F5-394A-4339-8A44-F595B28AD892}.Debug|Any CPU.Build.0 = Debug|Any CPU
		{1B2E71F5-394A-4339-8A44-F595B28AD892}.Debug|x64.ActiveCfg = Debug|Any CPU
		{1B2E71F5-394A-4339-8A44-F595B28AD892}.Debug|x86.ActiveCfg = Debug|x86
		{1B2E71F5-394A-4339-8A44-F595B28AD892}.Debug|x86.Build.0 = Debug|x86
		{1B2E71F5-394A-4339-8A44-F595B28AD892}.Release|Any CPU.ActiveCfg = Release|Any CPU
		{1B2E71F5-394A-4339-8A44-F595B28AD892}.Release|Any CPU.Build.0 = Release|Any CPU
		{1B2E71F5-394A-4339-8A44-F595B28AD892}.Release|x64.ActiveCfg = Release|Any CPU
		{1B2E71F5-394A-4339-8A44-F595B28AD892}.Release|x86.ActiveCfg = Release|x86
		{1B2E71F5-394A-4339-8A44-F595B28AD892}.Release|x86.Build.0 = Release|x86
		{21D7E4EF-319E-4AD4-A59C-45AF22072DCA}.Debug|Any CPU.ActiveCfg = Debug|Any CPU
		{21D7E4EF-319E-4AD4-A59C-45AF22072DCA}.Debug|Any CPU.Build.0 = Debug|Any CPU
		{21D7E4EF-319E-4AD4-A59C-45AF22072DCA}.Debug|x64.ActiveCfg = Debug|x64
		{21D7E4EF-319E-4AD4-A59C-45AF22072DCA}.Debug|x64.Build.0 = Debug|x64
		{21D7E4EF-319E-4AD4-A59C-45AF22072DCA}.Debug|x86.ActiveCfg = Debug|x86
		{21D7E4EF-319E-4AD4-A59C-45AF22072DCA}.Debug|x86.Build.0 = Debug|x86
		{21D7E4EF-319E-4AD4-A59C-45AF22072DCA}.Release|Any CPU.ActiveCfg = Release|Any CPU
		{21D7E4EF-319E-4AD4-A59C-45AF22072DCA}.Release|Any CPU.Build.0 = Release|Any CPU
		{21D7E4EF-319E-4AD4-A59C-45AF22072DCA}.Release|x64.ActiveCfg = Release|x64
		{21D7E4EF-319E-4AD4-A59C-45AF22072DCA}.Release|x64.Build.0 = Release|x64
		{21D7E4EF-319E-4AD4-A59C-45AF22072DCA}.Release|x86.ActiveCfg = Release|x86
		{21D7E4EF-319E-4AD4-A59C-45AF22072DCA}.Release|x86.Build.0 = Release|x86
	EndGlobalSection
	GlobalSection(SolutionProperties) = preSolution
		HideSolutionNode = FALSE
	EndGlobalSection
EndGlobal
