
Microsoft Visual Studio Solution File, Format Version 12.00
# Visual Studio 2013
VisualStudioVersion = 12.0.30723.0
MinimumVisualStudioVersion = 10.0.40219.1
Project("{FAE04EC0-301F-11D3-BF4B-00C04F79EFBC}") = "MasterYi", "MasterYi.csproj", "{8BD5733B-54FA-43D9-8D78-B48B8A063657}"
EndProject
Project("{FAE04EC0-301F-11D3-BF4B-00C04F79EFBC}") = "Irelia", "..\Irelia\Irelia.csproj", "{129A0967-720E-4827-9313-2CF46F1678A4}"
EndProject
Project("{FAE04EC0-301F-11D3-BF4B-00C04F79EFBC}") = "XinZhao", "..\XinZhao\XinZhao.csproj", "{69D3D14E-050A-49A3-9F3D-509036B72C4E}"
EndProject
Project("{FAE04EC0-301F-11D3-BF4B-00C04F79EFBC}") = "Pantheon", "..\Pantheon\Pantheon.csproj", "{ED7A4F0C-E31C-4FAA-8C18-4F18D0DC1ED4}"
EndProject
Project("{FAE04EC0-301F-11D3-BF4B-00C04F79EFBC}") = "Vi", "..\Vi\Vi.csproj", "{1BABBB47-14F2-4237-A357-E32071296C19}"
EndProject
Project("{FAE04EC0-301F-11D3-BF4B-00C04F79EFBC}") = "JaxQx", "..\JaxQx\JaxQx.csproj", "{EF9CA7EE-D3C5-4938-92C2-A4438A904DDA}"
EndProject
Project("{FAE04EC0-301F-11D3-BF4B-00C04F79EFBC}") = "Swain", "..\Swain\Swain.csproj", "{C97A4CD9-5554-43E7-BC21-7D3083873DE0}"
EndProject
Global
	GlobalSection(SolutionConfigurationPlatforms) = preSolution
		Debug|Any CPU = Debug|Any CPU
		Debug|x86 = Debug|x86
		Release|Any CPU = Release|Any CPU
		Release|x86 = Release|x86
	EndGlobalSection
	GlobalSection(ProjectConfigurationPlatforms) = postSolution
		{8BD5733B-54FA-43D9-8D78-B48B8A063657}.Debug|Any CPU.ActiveCfg = Debug|Any CPU
		{8BD5733B-54FA-43D9-8D78-B48B8A063657}.Debug|Any CPU.Build.0 = Debug|Any CPU
		{8BD5733B-54FA-43D9-8D78-B48B8A063657}.Debug|x86.ActiveCfg = Debug|x86
		{8BD5733B-54FA-43D9-8D78-B48B8A063657}.Debug|x86.Build.0 = Debug|x86
		{8BD5733B-54FA-43D9-8D78-B48B8A063657}.Release|Any CPU.ActiveCfg = Release|Any CPU
		{8BD5733B-54FA-43D9-8D78-B48B8A063657}.Release|Any CPU.Build.0 = Release|Any CPU
		{8BD5733B-54FA-43D9-8D78-B48B8A063657}.Release|x86.ActiveCfg = Release|x86
		{8BD5733B-54FA-43D9-8D78-B48B8A063657}.Release|x86.Build.0 = Release|x86
		{129A0967-720E-4827-9313-2CF46F1678A4}.Debug|Any CPU.ActiveCfg = Debug|Any CPU
		{129A0967-720E-4827-9313-2CF46F1678A4}.Debug|Any CPU.Build.0 = Debug|Any CPU
		{129A0967-720E-4827-9313-2CF46F1678A4}.Debug|x86.ActiveCfg = Debug|x86
		{129A0967-720E-4827-9313-2CF46F1678A4}.Debug|x86.Build.0 = Debug|x86
		{129A0967-720E-4827-9313-2CF46F1678A4}.Release|Any CPU.ActiveCfg = Release|Any CPU
		{129A0967-720E-4827-9313-2CF46F1678A4}.Release|Any CPU.Build.0 = Release|Any CPU
		{129A0967-720E-4827-9313-2CF46F1678A4}.Release|x86.ActiveCfg = Release|x86
		{129A0967-720E-4827-9313-2CF46F1678A4}.Release|x86.Build.0 = Release|x86
		{69D3D14E-050A-49A3-9F3D-509036B72C4E}.Debug|Any CPU.ActiveCfg = Debug|Any CPU
		{69D3D14E-050A-49A3-9F3D-509036B72C4E}.Debug|Any CPU.Build.0 = Debug|Any CPU
		{69D3D14E-050A-49A3-9F3D-509036B72C4E}.Debug|x86.ActiveCfg = Debug|Any CPU
		{69D3D14E-050A-49A3-9F3D-509036B72C4E}.Release|Any CPU.ActiveCfg = Release|Any CPU
		{69D3D14E-050A-49A3-9F3D-509036B72C4E}.Release|Any CPU.Build.0 = Release|Any CPU
		{69D3D14E-050A-49A3-9F3D-509036B72C4E}.Release|x86.ActiveCfg = Release|Any CPU
		{ED7A4F0C-E31C-4FAA-8C18-4F18D0DC1ED4}.Debug|Any CPU.ActiveCfg = Debug|Any CPU
		{ED7A4F0C-E31C-4FAA-8C18-4F18D0DC1ED4}.Debug|Any CPU.Build.0 = Debug|Any CPU
		{ED7A4F0C-E31C-4FAA-8C18-4F18D0DC1ED4}.Debug|x86.ActiveCfg = Debug|x86
		{ED7A4F0C-E31C-4FAA-8C18-4F18D0DC1ED4}.Debug|x86.Build.0 = Debug|x86
		{ED7A4F0C-E31C-4FAA-8C18-4F18D0DC1ED4}.Release|Any CPU.ActiveCfg = Release|Any CPU
		{ED7A4F0C-E31C-4FAA-8C18-4F18D0DC1ED4}.Release|Any CPU.Build.0 = Release|Any CPU
		{ED7A4F0C-E31C-4FAA-8C18-4F18D0DC1ED4}.Release|x86.ActiveCfg = Release|x86
		{ED7A4F0C-E31C-4FAA-8C18-4F18D0DC1ED4}.Release|x86.Build.0 = Release|x86
		{1BABBB47-14F2-4237-A357-E32071296C19}.Debug|Any CPU.ActiveCfg = Debug|Any CPU
		{1BABBB47-14F2-4237-A357-E32071296C19}.Debug|Any CPU.Build.0 = Debug|Any CPU
		{1BABBB47-14F2-4237-A357-E32071296C19}.Debug|x86.ActiveCfg = Debug|x86
		{1BABBB47-14F2-4237-A357-E32071296C19}.Debug|x86.Build.0 = Debug|x86
		{1BABBB47-14F2-4237-A357-E32071296C19}.Release|Any CPU.ActiveCfg = Release|Any CPU
		{1BABBB47-14F2-4237-A357-E32071296C19}.Release|Any CPU.Build.0 = Release|Any CPU
		{1BABBB47-14F2-4237-A357-E32071296C19}.Release|x86.ActiveCfg = Release|x86
		{1BABBB47-14F2-4237-A357-E32071296C19}.Release|x86.Build.0 = Release|x86
		{EF9CA7EE-D3C5-4938-92C2-A4438A904DDA}.Debug|Any CPU.ActiveCfg = Debug|Any CPU
		{EF9CA7EE-D3C5-4938-92C2-A4438A904DDA}.Debug|Any CPU.Build.0 = Debug|Any CPU
		{EF9CA7EE-D3C5-4938-92C2-A4438A904DDA}.Debug|x86.ActiveCfg = Debug|x86
		{EF9CA7EE-D3C5-4938-92C2-A4438A904DDA}.Debug|x86.Build.0 = Debug|x86
		{EF9CA7EE-D3C5-4938-92C2-A4438A904DDA}.Release|Any CPU.ActiveCfg = Release|Any CPU
		{EF9CA7EE-D3C5-4938-92C2-A4438A904DDA}.Release|Any CPU.Build.0 = Release|Any CPU
		{EF9CA7EE-D3C5-4938-92C2-A4438A904DDA}.Release|x86.ActiveCfg = Release|x86
		{EF9CA7EE-D3C5-4938-92C2-A4438A904DDA}.Release|x86.Build.0 = Release|x86
		{C97A4CD9-5554-43E7-BC21-7D3083873DE0}.Debug|Any CPU.ActiveCfg = Debug|Any CPU
		{C97A4CD9-5554-43E7-BC21-7D3083873DE0}.Debug|Any CPU.Build.0 = Debug|Any CPU
		{C97A4CD9-5554-43E7-BC21-7D3083873DE0}.Debug|x86.ActiveCfg = Debug|Any CPU
		{C97A4CD9-5554-43E7-BC21-7D3083873DE0}.Release|Any CPU.ActiveCfg = Release|Any CPU
		{C97A4CD9-5554-43E7-BC21-7D3083873DE0}.Release|Any CPU.Build.0 = Release|Any CPU
		{C97A4CD9-5554-43E7-BC21-7D3083873DE0}.Release|x86.ActiveCfg = Release|Any CPU
	EndGlobalSection
	GlobalSection(SolutionProperties) = preSolution
		HideSolutionNode = FALSE
	EndGlobalSection
EndGlobal
