
Microsoft Visual Studio Solution File, Format Version 12.00
# Visual Studio 14
VisualStudioVersion = 14.0.24720.0
MinimumVisualStudioVersion = 10.0.40219.1
Project("{FAE04EC0-301F-11D3-BF4B-00C04F79EFBC}") = "Lee is Back", "Lee is Back.csproj", "{16927776-6AEA-4F26-B271-78A2C4FFD08B}"
EndProject
Project("{FAE04EC0-301F-11D3-BF4B-00C04F79EFBC}") = "Evade", "..\..\LeagueSharp\Evade\Evade.csproj", "{DB77A04C-5163-445D-929C-2905C1A5E9E3}"
EndProject
Project("{FAE04EC0-301F-11D3-BF4B-00C04F79EFBC}") = "Leblanc", "..\Leblanc\Leblanc.csproj", "{A8FCBD33-1F7D-4A4E-B8AB-5854D1403105}"
EndProject
Project("{FAE04EC0-301F-11D3-BF4B-00C04F79EFBC}") = "JaxQx", "..\JaxQx\JaxQx.csproj", "{EF9CA7EE-D3C5-4938-92C2-A4438A904DDA}"
EndProject
Project("{FAE04EC0-301F-11D3-BF4B-00C04F79EFBC}") = "Orianna", "..\..\LeagueSharp\Orianna\Orianna.csproj", "{9CA1BD82-3A37-4BA9-83FD-13B769CDBC64}"
EndProject
Project("{FAE04EC0-301F-11D3-BF4B-00C04F79EFBC}") = "Marksman", "..\..\Marksman\Marksman\Marksman.csproj", "{4E9F7272-33F7-465C-8BD9-87F801222C9E}"
EndProject
Project("{FAE04EC0-301F-11D3-BF4B-00C04F79EFBC}") = "Olafisback", "..\Olaf is Back\Olafisback.csproj", "{0FDCB79B-B885-431F-944B-CAD98BBF8F88}"
EndProject
Project("{FAE04EC0-301F-11D3-BF4B-00C04F79EFBC}") = "Pantheon", "..\Pantheon\Pantheon.csproj", "{ED7A4F0C-E31C-4FAA-8C18-4F18D0DC1ED4}"
EndProject
Project("{FAE04EC0-301F-11D3-BF4B-00C04F79EFBC}") = "Vi", "..\Vi\Vi.csproj", "{1BABBB47-14F2-4237-A357-E32071296C19}"
EndProject
Global
	GlobalSection(SolutionConfigurationPlatforms) = preSolution
		Debug|Any CPU = Debug|Any CPU
		Debug|x86 = Debug|x86
		Release|Any CPU = Release|Any CPU
		Release|x86 = Release|x86
	EndGlobalSection
	GlobalSection(ProjectConfigurationPlatforms) = postSolution
		{16927776-6AEA-4F26-B271-78A2C4FFD08B}.Debug|Any CPU.ActiveCfg = Debug|Any CPU
		{16927776-6AEA-4F26-B271-78A2C4FFD08B}.Debug|Any CPU.Build.0 = Debug|Any CPU
		{16927776-6AEA-4F26-B271-78A2C4FFD08B}.Debug|x86.ActiveCfg = Debug|Any CPU
		{16927776-6AEA-4F26-B271-78A2C4FFD08B}.Debug|x86.Build.0 = Debug|Any CPU
		{16927776-6AEA-4F26-B271-78A2C4FFD08B}.Release|Any CPU.ActiveCfg = Release|Any CPU
		{16927776-6AEA-4F26-B271-78A2C4FFD08B}.Release|Any CPU.Build.0 = Release|Any CPU
		{16927776-6AEA-4F26-B271-78A2C4FFD08B}.Release|x86.ActiveCfg = Release|Any CPU
		{16927776-6AEA-4F26-B271-78A2C4FFD08B}.Release|x86.Build.0 = Release|Any CPU
		{DB77A04C-5163-445D-929C-2905C1A5E9E3}.Debug|Any CPU.ActiveCfg = Debug|Any CPU
		{DB77A04C-5163-445D-929C-2905C1A5E9E3}.Debug|Any CPU.Build.0 = Debug|Any CPU
		{DB77A04C-5163-445D-929C-2905C1A5E9E3}.Debug|x86.ActiveCfg = Debug|Any CPU
		{DB77A04C-5163-445D-929C-2905C1A5E9E3}.Debug|x86.Build.0 = Debug|Any CPU
		{DB77A04C-5163-445D-929C-2905C1A5E9E3}.Release|Any CPU.ActiveCfg = Release|Any CPU
		{DB77A04C-5163-445D-929C-2905C1A5E9E3}.Release|Any CPU.Build.0 = Release|Any CPU
		{DB77A04C-5163-445D-929C-2905C1A5E9E3}.Release|x86.ActiveCfg = Release|Any CPU
		{DB77A04C-5163-445D-929C-2905C1A5E9E3}.Release|x86.Build.0 = Release|Any CPU
		{A8FCBD33-1F7D-4A4E-B8AB-5854D1403105}.Debug|Any CPU.ActiveCfg = Debug|Any CPU
		{A8FCBD33-1F7D-4A4E-B8AB-5854D1403105}.Debug|Any CPU.Build.0 = Debug|Any CPU
		{A8FCBD33-1F7D-4A4E-B8AB-5854D1403105}.Debug|x86.ActiveCfg = Debug|Any CPU
		{A8FCBD33-1F7D-4A4E-B8AB-5854D1403105}.Debug|x86.Build.0 = Debug|Any CPU
		{A8FCBD33-1F7D-4A4E-B8AB-5854D1403105}.Release|Any CPU.ActiveCfg = Release|Any CPU
		{A8FCBD33-1F7D-4A4E-B8AB-5854D1403105}.Release|Any CPU.Build.0 = Release|Any CPU
		{A8FCBD33-1F7D-4A4E-B8AB-5854D1403105}.Release|x86.ActiveCfg = Release|Any CPU
		{A8FCBD33-1F7D-4A4E-B8AB-5854D1403105}.Release|x86.Build.0 = Release|Any CPU
		{EF9CA7EE-D3C5-4938-92C2-A4438A904DDA}.Debug|Any CPU.ActiveCfg = Debug|Any CPU
		{EF9CA7EE-D3C5-4938-92C2-A4438A904DDA}.Debug|Any CPU.Build.0 = Debug|Any CPU
		{EF9CA7EE-D3C5-4938-92C2-A4438A904DDA}.Debug|x86.ActiveCfg = Debug|x86
		{EF9CA7EE-D3C5-4938-92C2-A4438A904DDA}.Debug|x86.Build.0 = Debug|x86
		{EF9CA7EE-D3C5-4938-92C2-A4438A904DDA}.Release|Any CPU.ActiveCfg = Release|Any CPU
		{EF9CA7EE-D3C5-4938-92C2-A4438A904DDA}.Release|Any CPU.Build.0 = Release|Any CPU
		{EF9CA7EE-D3C5-4938-92C2-A4438A904DDA}.Release|x86.ActiveCfg = Release|x86
		{EF9CA7EE-D3C5-4938-92C2-A4438A904DDA}.Release|x86.Build.0 = Release|x86
		{9CA1BD82-3A37-4BA9-83FD-13B769CDBC64}.Debug|Any CPU.ActiveCfg = Debug|Any CPU
		{9CA1BD82-3A37-4BA9-83FD-13B769CDBC64}.Debug|Any CPU.Build.0 = Debug|Any CPU
		{9CA1BD82-3A37-4BA9-83FD-13B769CDBC64}.Debug|x86.ActiveCfg = Debug|Any CPU
		{9CA1BD82-3A37-4BA9-83FD-13B769CDBC64}.Debug|x86.Build.0 = Debug|Any CPU
		{9CA1BD82-3A37-4BA9-83FD-13B769CDBC64}.Release|Any CPU.ActiveCfg = Release|Any CPU
		{9CA1BD82-3A37-4BA9-83FD-13B769CDBC64}.Release|Any CPU.Build.0 = Release|Any CPU
		{9CA1BD82-3A37-4BA9-83FD-13B769CDBC64}.Release|x86.ActiveCfg = Release|Any CPU
		{9CA1BD82-3A37-4BA9-83FD-13B769CDBC64}.Release|x86.Build.0 = Release|Any CPU
		{4E9F7272-33F7-465C-8BD9-87F801222C9E}.Debug|Any CPU.ActiveCfg = Debug|Any CPU
		{4E9F7272-33F7-465C-8BD9-87F801222C9E}.Debug|Any CPU.Build.0 = Debug|Any CPU
		{4E9F7272-33F7-465C-8BD9-87F801222C9E}.Debug|x86.ActiveCfg = Debug|Any CPU
		{4E9F7272-33F7-465C-8BD9-87F801222C9E}.Debug|x86.Build.0 = Debug|Any CPU
		{4E9F7272-33F7-465C-8BD9-87F801222C9E}.Release|Any CPU.ActiveCfg = Release|Any CPU
		{4E9F7272-33F7-465C-8BD9-87F801222C9E}.Release|Any CPU.Build.0 = Release|Any CPU
		{4E9F7272-33F7-465C-8BD9-87F801222C9E}.Release|x86.ActiveCfg = Release|Any CPU
		{4E9F7272-33F7-465C-8BD9-87F801222C9E}.Release|x86.Build.0 = Release|Any CPU
		{0FDCB79B-B885-431F-944B-CAD98BBF8F88}.Debug|Any CPU.ActiveCfg = Debug|Any CPU
		{0FDCB79B-B885-431F-944B-CAD98BBF8F88}.Debug|Any CPU.Build.0 = Debug|Any CPU
		{0FDCB79B-B885-431F-944B-CAD98BBF8F88}.Debug|x86.ActiveCfg = Debug|Any CPU
		{0FDCB79B-B885-431F-944B-CAD98BBF8F88}.Debug|x86.Build.0 = Debug|Any CPU
		{0FDCB79B-B885-431F-944B-CAD98BBF8F88}.Release|Any CPU.ActiveCfg = Release|Any CPU
		{0FDCB79B-B885-431F-944B-CAD98BBF8F88}.Release|Any CPU.Build.0 = Release|Any CPU
		{0FDCB79B-B885-431F-944B-CAD98BBF8F88}.Release|x86.ActiveCfg = Release|Any CPU
		{0FDCB79B-B885-431F-944B-CAD98BBF8F88}.Release|x86.Build.0 = Release|Any CPU
		{ED7A4F0C-E31C-4FAA-8C18-4F18D0DC1ED4}.Debug|Any CPU.ActiveCfg = Debug|Any CPU
		{ED7A4F0C-E31C-4FAA-8C18-4F18D0DC1ED4}.Debug|Any CPU.Build.0 = Debug|Any CPU
		{ED7A4F0C-E31C-4FAA-8C18-4F18D0DC1ED4}.Debug|x86.ActiveCfg = Debug|x86
		{ED7A4F0C-E31C-4FAA-8C18-4F18D0DC1ED4}.Debug|x86.Build.0 = Debug|x86
		{ED7A4F0C-E31C-4FAA-8C18-4F18D0DC1ED4}.Release|Any CPU.ActiveCfg = Release|Any CPU
		{ED7A4F0C-E31C-4FAA-8C18-4F18D0DC1ED4}.Release|Any CPU.Build.0 = Release|Any CPU
		{ED7A4F0C-E31C-4FAA-8C18-4F18D0DC1ED4}.Release|x86.ActiveCfg = Release|x86
		{ED7A4F0C-E31C-4FAA-8C18-4F18D0DC1ED4}.Release|x86.Build.0 = Release|x86
		{1BABBB47-14F2-4237-A357-E32071296C19}.Debug|Any CPU.ActiveCfg = Debug|Any CPU
		{1BABBB47-14F2-4237-A357-E32071296C19}.Debug|Any CPU.Build.0 = Debug|Any CPU
		{1BABBB47-14F2-4237-A357-E32071296C19}.Debug|x86.ActiveCfg = Debug|x86
		{1BABBB47-14F2-4237-A357-E32071296C19}.Debug|x86.Build.0 = Debug|x86
		{1BABBB47-14F2-4237-A357-E32071296C19}.Release|Any CPU.ActiveCfg = Release|Any CPU
		{1BABBB47-14F2-4237-A357-E32071296C19}.Release|Any CPU.Build.0 = Release|Any CPU
		{1BABBB47-14F2-4237-A357-E32071296C19}.Release|x86.ActiveCfg = Release|x86
		{1BABBB47-14F2-4237-A357-E32071296C19}.Release|x86.Build.0 = Release|x86
	EndGlobalSection
	GlobalSection(SolutionProperties) = preSolution
		HideSolutionNode = FALSE
	EndGlobalSection
EndGlobal
